// !$*UTF8*$!
{
	archiveVersion = 1;
	classes = {
	};
	objectVersion = 56;
	objects = {

/* Begin PBXBuildFile section */
		B716151F2B78AE01008E7FB8 /* DashboardFactory.swift in Sources */ = {isa = PBXBuildFile; fileRef = B71615132B78AE01008E7FB8 /* DashboardFactory.swift */; };
		B71615202B78AE01008E7FB8 /* DashboardPresenter.swift in Sources */ = {isa = PBXBuildFile; fileRef = B71615142B78AE01008E7FB8 /* DashboardPresenter.swift */; };
		B71615212B78AE01008E7FB8 /* DashboardWorker.swift in Sources */ = {isa = PBXBuildFile; fileRef = B71615152B78AE01008E7FB8 /* DashboardWorker.swift */; };
		B71615222B78AE01008E7FB8 /* DashboardRouter.swift in Sources */ = {isa = PBXBuildFile; fileRef = B71615162B78AE01008E7FB8 /* DashboardRouter.swift */; };
		B71615232B78AE01008E7FB8 /* DashboardEndpoint.swift in Sources */ = {isa = PBXBuildFile; fileRef = B71615172B78AE01008E7FB8 /* DashboardEndpoint.swift */; };
		B71615242B78AE01008E7FB8 /* DashboardModels.swift in Sources */ = {isa = PBXBuildFile; fileRef = B71615182B78AE01008E7FB8 /* DashboardModels.swift */; };
		B71615252B78AE01008E7FB8 /* DashboardViewController.swift in Sources */ = {isa = PBXBuildFile; fileRef = B71615192B78AE01008E7FB8 /* DashboardViewController.swift */; };
		B71615262B78AE01008E7FB8 /* DashboardInteractor.swift in Sources */ = {isa = PBXBuildFile; fileRef = B716151A2B78AE01008E7FB8 /* DashboardInteractor.swift */; };
		B71615272B78AE01008E7FB8 /* DashboardLogger.swift in Sources */ = {isa = PBXBuildFile; fileRef = B716151B2B78AE01008E7FB8 /* DashboardLogger.swift */; };
		B71615282B78AE01008E7FB8 /* DashboardViewController.xib in Resources */ = {isa = PBXBuildFile; fileRef = B716151C2B78AE01008E7FB8 /* DashboardViewController.xib */; };
		B71615292B78AE01008E7FB8 /* DashboardService.swift in Sources */ = {isa = PBXBuildFile; fileRef = B716151D2B78AE01008E7FB8 /* DashboardService.swift */; };
		B71615332B78B38F008E7FB8 /* XibLoadableExtension.swift in Sources */ = {isa = PBXBuildFile; fileRef = B71615322B78B38F008E7FB8 /* XibLoadableExtension.swift */; };
		B724F4F92B77ED8D003BEB03 /* LocationService.swift in Sources */ = {isa = PBXBuildFile; fileRef = B724F4F82B77ED8D003BEB03 /* LocationService.swift */; };
		B724F4FB2B77EF97003BEB03 /* CLLocationManagerProtocol.swift in Sources */ = {isa = PBXBuildFile; fileRef = B724F4FA2B77EF97003BEB03 /* CLLocationManagerProtocol.swift */; };
		B74684C72B7CA1E8001CA9DC /* UITextViewExtension.swift in Sources */ = {isa = PBXBuildFile; fileRef = B74684C62B7CA1E8001CA9DC /* UITextViewExtension.swift */; };
		B74684C92B7CA82F001CA9DC /* UIViewExtension.swift in Sources */ = {isa = PBXBuildFile; fileRef = B74684C82B7CA82F001CA9DC /* UIViewExtension.swift */; };
		B794E0B52B768D83009E5697 /* AppDelegate.swift in Sources */ = {isa = PBXBuildFile; fileRef = B794E0B42B768D83009E5697 /* AppDelegate.swift */; };
		B794E0B72B768D83009E5697 /* SceneDelegate.swift in Sources */ = {isa = PBXBuildFile; fileRef = B794E0B62B768D83009E5697 /* SceneDelegate.swift */; };
		B794E0BF2B768D83009E5697 /* CuteFondMemories.xcdatamodeld in Sources */ = {isa = PBXBuildFile; fileRef = B794E0BD2B768D83009E5697 /* CuteFondMemories.xcdatamodeld */; };
		B794E0C12B768D84009E5697 /* Assets.xcassets in Resources */ = {isa = PBXBuildFile; fileRef = B794E0C02B768D84009E5697 /* Assets.xcassets */; };
		B794E0C42B768D84009E5697 /* LaunchScreen.storyboard in Resources */ = {isa = PBXBuildFile; fileRef = B794E0C22B768D84009E5697 /* LaunchScreen.storyboard */; };
		B794E0CF2B768D84009E5697 /* CuteFondMemoriesTests.swift in Sources */ = {isa = PBXBuildFile; fileRef = B794E0CE2B768D84009E5697 /* CuteFondMemoriesTests.swift */; };
		B794E0D92B768D84009E5697 /* CuteFondMemoriesUITests.swift in Sources */ = {isa = PBXBuildFile; fileRef = B794E0D82B768D84009E5697 /* CuteFondMemoriesUITests.swift */; };
		B794E0DB2B768D84009E5697 /* CuteFondMemoriesUITestsLaunchTests.swift in Sources */ = {isa = PBXBuildFile; fileRef = B794E0DA2B768D84009E5697 /* CuteFondMemoriesUITestsLaunchTests.swift */; };
		B794E0F12B768FC5009E5697 /* StorageManager.swift in Sources */ = {isa = PBXBuildFile; fileRef = B794E0F02B768FC5009E5697 /* StorageManager.swift */; };
		B794E0F32B768FDC009E5697 /* UserDefaultsManager.swift in Sources */ = {isa = PBXBuildFile; fileRef = B794E0F22B768FDC009E5697 /* UserDefaultsManager.swift */; };
		B794E0F62B7690A1009E5697 /* DependencyContainer.swift in Sources */ = {isa = PBXBuildFile; fileRef = B794E0F52B7690A1009E5697 /* DependencyContainer.swift */; };
		B794E0F92B769191009E5697 /* Logger.swift in Sources */ = {isa = PBXBuildFile; fileRef = B794E0F82B769191009E5697 /* Logger.swift */; };
		B794E0FC2B769226009E5697 /* APIHTTPRequestMapper.swift in Sources */ = {isa = PBXBuildFile; fileRef = B794E0FB2B769226009E5697 /* APIHTTPRequestMapper.swift */; };
		B794E0FE2B76927C009E5697 /* EndPoint.swift in Sources */ = {isa = PBXBuildFile; fileRef = B794E0FD2B76927C009E5697 /* EndPoint.swift */; };
		B794E1002B769297009E5697 /* HTTPClient.swift in Sources */ = {isa = PBXBuildFile; fileRef = B794E0FF2B769297009E5697 /* HTTPClient.swift */; };
		B794E1022B7692B2009E5697 /* HTTPMethod.swift in Sources */ = {isa = PBXBuildFile; fileRef = B794E1012B7692B2009E5697 /* HTTPMethod.swift */; };
		B794E1042B7692CA009E5697 /* NetworkError.swift in Sources */ = {isa = PBXBuildFile; fileRef = B794E1032B7692CA009E5697 /* NetworkError.swift */; };
		B794E1062B7692EB009E5697 /* Constants.swift in Sources */ = {isa = PBXBuildFile; fileRef = B794E1052B7692EB009E5697 /* Constants.swift */; };
		B794E10A2B76939F009E5697 /* URLResponseExtension.swift in Sources */ = {isa = PBXBuildFile; fileRef = B794E1092B76939F009E5697 /* URLResponseExtension.swift */; };
		B7D9571A2B7BDA8F00AC33D1 /* MemoryDetailsFactory.swift in Sources */ = {isa = PBXBuildFile; fileRef = B7D9570E2B7BDA8F00AC33D1 /* MemoryDetailsFactory.swift */; };
		B7D9571B2B7BDA8F00AC33D1 /* MemoryDetailsPresenter.swift in Sources */ = {isa = PBXBuildFile; fileRef = B7D9570F2B7BDA8F00AC33D1 /* MemoryDetailsPresenter.swift */; };
		B7D9571C2B7BDA8F00AC33D1 /* MemoryDetailsWorker.swift in Sources */ = {isa = PBXBuildFile; fileRef = B7D957102B7BDA8F00AC33D1 /* MemoryDetailsWorker.swift */; };
		B7D9571D2B7BDA8F00AC33D1 /* MemoryDetailsRouter.swift in Sources */ = {isa = PBXBuildFile; fileRef = B7D957112B7BDA8F00AC33D1 /* MemoryDetailsRouter.swift */; };
		B7D9571E2B7BDA8F00AC33D1 /* MemoryDetailsEndpoint.swift in Sources */ = {isa = PBXBuildFile; fileRef = B7D957122B7BDA8F00AC33D1 /* MemoryDetailsEndpoint.swift */; };
		B7D9571F2B7BDA8F00AC33D1 /* MemoryDetailsModels.swift in Sources */ = {isa = PBXBuildFile; fileRef = B7D957132B7BDA8F00AC33D1 /* MemoryDetailsModels.swift */; };
		B7D957202B7BDA8F00AC33D1 /* MemoryDetailsViewController.swift in Sources */ = {isa = PBXBuildFile; fileRef = B7D957142B7BDA8F00AC33D1 /* MemoryDetailsViewController.swift */; };
		B7D957212B7BDA8F00AC33D1 /* MemoryDetailsInteractor.swift in Sources */ = {isa = PBXBuildFile; fileRef = B7D957152B7BDA8F00AC33D1 /* MemoryDetailsInteractor.swift */; };
		B7D957222B7BDA8F00AC33D1 /* MemoryDetailsLogger.swift in Sources */ = {isa = PBXBuildFile; fileRef = B7D957162B7BDA8F00AC33D1 /* MemoryDetailsLogger.swift */; };
		B7D957232B7BDA8F00AC33D1 /* MemoryDetailsViewController.xib in Resources */ = {isa = PBXBuildFile; fileRef = B7D957172B7BDA8F00AC33D1 /* MemoryDetailsViewController.xib */; };
		B7D957242B7BDA8F00AC33D1 /* MemoryDetailsService.swift in Sources */ = {isa = PBXBuildFile; fileRef = B7D957182B7BDA8F00AC33D1 /* MemoryDetailsService.swift */; };
		B7D9572E2B7BE9AD00AC33D1 /* UITextFieldExtension.swift in Sources */ = {isa = PBXBuildFile; fileRef = B7D9572D2B7BE9AD00AC33D1 /* UITextFieldExtension.swift */; };
		B7F40F992B7A8EC200EDA856 /* AnnotaionInfoModel.swift in Sources */ = {isa = PBXBuildFile; fileRef = B7F40F982B7A8EC200EDA856 /* AnnotaionInfoModel.swift */; };
		B7F40F9B2B7A8F4100EDA856 /* Location.swift in Sources */ = {isa = PBXBuildFile; fileRef = B7F40F9A2B7A8F4100EDA856 /* Location.swift */; };
/* End PBXBuildFile section */

/* Begin PBXContainerItemProxy section */
		B794E0CB2B768D84009E5697 /* PBXContainerItemProxy */ = {
			isa = PBXContainerItemProxy;
			containerPortal = B794E0A92B768D83009E5697 /* Project object */;
			proxyType = 1;
			remoteGlobalIDString = B794E0B02B768D83009E5697;
			remoteInfo = CuteFondMemories;
		};
		B794E0D52B768D84009E5697 /* PBXContainerItemProxy */ = {
			isa = PBXContainerItemProxy;
			containerPortal = B794E0A92B768D83009E5697 /* Project object */;
			proxyType = 1;
			remoteGlobalIDString = B794E0B02B768D83009E5697;
			remoteInfo = CuteFondMemories;
		};
/* End PBXContainerItemProxy section */

/* Begin PBXFileReference section */
		B71615132B78AE01008E7FB8 /* DashboardFactory.swift */ = {isa = PBXFileReference; lastKnownFileType = sourcecode.swift; path = DashboardFactory.swift; sourceTree = "<group>"; };
		B71615142B78AE01008E7FB8 /* DashboardPresenter.swift */ = {isa = PBXFileReference; lastKnownFileType = sourcecode.swift; path = DashboardPresenter.swift; sourceTree = "<group>"; };
		B71615152B78AE01008E7FB8 /* DashboardWorker.swift */ = {isa = PBXFileReference; lastKnownFileType = sourcecode.swift; path = DashboardWorker.swift; sourceTree = "<group>"; };
		B71615162B78AE01008E7FB8 /* DashboardRouter.swift */ = {isa = PBXFileReference; lastKnownFileType = sourcecode.swift; path = DashboardRouter.swift; sourceTree = "<group>"; };
		B71615172B78AE01008E7FB8 /* DashboardEndpoint.swift */ = {isa = PBXFileReference; lastKnownFileType = sourcecode.swift; path = DashboardEndpoint.swift; sourceTree = "<group>"; };
		B71615182B78AE01008E7FB8 /* DashboardModels.swift */ = {isa = PBXFileReference; lastKnownFileType = sourcecode.swift; path = DashboardModels.swift; sourceTree = "<group>"; };
		B71615192B78AE01008E7FB8 /* DashboardViewController.swift */ = {isa = PBXFileReference; lastKnownFileType = sourcecode.swift; path = DashboardViewController.swift; sourceTree = "<group>"; };
		B716151A2B78AE01008E7FB8 /* DashboardInteractor.swift */ = {isa = PBXFileReference; lastKnownFileType = sourcecode.swift; path = DashboardInteractor.swift; sourceTree = "<group>"; };
		B716151B2B78AE01008E7FB8 /* DashboardLogger.swift */ = {isa = PBXFileReference; lastKnownFileType = sourcecode.swift; path = DashboardLogger.swift; sourceTree = "<group>"; };
		B716151C2B78AE01008E7FB8 /* DashboardViewController.xib */ = {isa = PBXFileReference; lastKnownFileType = file.xib; path = DashboardViewController.xib; sourceTree = "<group>"; };
		B716151D2B78AE01008E7FB8 /* DashboardService.swift */ = {isa = PBXFileReference; lastKnownFileType = sourcecode.swift; path = DashboardService.swift; sourceTree = "<group>"; };
		B71615322B78B38F008E7FB8 /* XibLoadableExtension.swift */ = {isa = PBXFileReference; lastKnownFileType = sourcecode.swift; path = XibLoadableExtension.swift; sourceTree = "<group>"; };
		B724F4F82B77ED8D003BEB03 /* LocationService.swift */ = {isa = PBXFileReference; lastKnownFileType = sourcecode.swift; path = LocationService.swift; sourceTree = "<group>"; };
		B724F4FA2B77EF97003BEB03 /* CLLocationManagerProtocol.swift */ = {isa = PBXFileReference; lastKnownFileType = sourcecode.swift; path = CLLocationManagerProtocol.swift; sourceTree = "<group>"; };
		B74684C62B7CA1E8001CA9DC /* UITextViewExtension.swift */ = {isa = PBXFileReference; lastKnownFileType = sourcecode.swift; path = UITextViewExtension.swift; sourceTree = "<group>"; };
		B74684C82B7CA82F001CA9DC /* UIViewExtension.swift */ = {isa = PBXFileReference; lastKnownFileType = sourcecode.swift; path = UIViewExtension.swift; sourceTree = "<group>"; };
		B794E0B12B768D83009E5697 /* CuteFondMemories.app */ = {isa = PBXFileReference; explicitFileType = wrapper.application; includeInIndex = 0; path = CuteFondMemories.app; sourceTree = BUILT_PRODUCTS_DIR; };
		B794E0B42B768D83009E5697 /* AppDelegate.swift */ = {isa = PBXFileReference; lastKnownFileType = sourcecode.swift; path = AppDelegate.swift; sourceTree = "<group>"; };
		B794E0B62B768D83009E5697 /* SceneDelegate.swift */ = {isa = PBXFileReference; lastKnownFileType = sourcecode.swift; path = SceneDelegate.swift; sourceTree = "<group>"; };
		B794E0BE2B768D83009E5697 /* CuteFondMemories.xcdatamodel */ = {isa = PBXFileReference; lastKnownFileType = wrapper.xcdatamodel; path = CuteFondMemories.xcdatamodel; sourceTree = "<group>"; };
		B794E0C02B768D84009E5697 /* Assets.xcassets */ = {isa = PBXFileReference; lastKnownFileType = folder.assetcatalog; path = Assets.xcassets; sourceTree = "<group>"; };
		B794E0C32B768D84009E5697 /* Base */ = {isa = PBXFileReference; lastKnownFileType = file.storyboard; name = Base; path = Base.lproj/LaunchScreen.storyboard; sourceTree = "<group>"; };
		B794E0C52B768D84009E5697 /* Info.plist */ = {isa = PBXFileReference; lastKnownFileType = text.plist.xml; path = Info.plist; sourceTree = "<group>"; };
		B794E0CA2B768D84009E5697 /* CuteFondMemoriesTests.xctest */ = {isa = PBXFileReference; explicitFileType = wrapper.cfbundle; includeInIndex = 0; path = CuteFondMemoriesTests.xctest; sourceTree = BUILT_PRODUCTS_DIR; };
		B794E0CE2B768D84009E5697 /* CuteFondMemoriesTests.swift */ = {isa = PBXFileReference; lastKnownFileType = sourcecode.swift; path = CuteFondMemoriesTests.swift; sourceTree = "<group>"; };
		B794E0D42B768D84009E5697 /* CuteFondMemoriesUITests.xctest */ = {isa = PBXFileReference; explicitFileType = wrapper.cfbundle; includeInIndex = 0; path = CuteFondMemoriesUITests.xctest; sourceTree = BUILT_PRODUCTS_DIR; };
		B794E0D82B768D84009E5697 /* CuteFondMemoriesUITests.swift */ = {isa = PBXFileReference; lastKnownFileType = sourcecode.swift; path = CuteFondMemoriesUITests.swift; sourceTree = "<group>"; };
		B794E0DA2B768D84009E5697 /* CuteFondMemoriesUITestsLaunchTests.swift */ = {isa = PBXFileReference; lastKnownFileType = sourcecode.swift; path = CuteFondMemoriesUITestsLaunchTests.swift; sourceTree = "<group>"; };
		B794E0F02B768FC5009E5697 /* StorageManager.swift */ = {isa = PBXFileReference; lastKnownFileType = sourcecode.swift; path = StorageManager.swift; sourceTree = "<group>"; };
		B794E0F22B768FDC009E5697 /* UserDefaultsManager.swift */ = {isa = PBXFileReference; lastKnownFileType = sourcecode.swift; path = UserDefaultsManager.swift; sourceTree = "<group>"; };
		B794E0F52B7690A1009E5697 /* DependencyContainer.swift */ = {isa = PBXFileReference; lastKnownFileType = sourcecode.swift; path = DependencyContainer.swift; sourceTree = "<group>"; };
		B794E0F82B769191009E5697 /* Logger.swift */ = {isa = PBXFileReference; lastKnownFileType = sourcecode.swift; path = Logger.swift; sourceTree = "<group>"; };
		B794E0FB2B769226009E5697 /* APIHTTPRequestMapper.swift */ = {isa = PBXFileReference; lastKnownFileType = sourcecode.swift; path = APIHTTPRequestMapper.swift; sourceTree = "<group>"; };
		B794E0FD2B76927C009E5697 /* EndPoint.swift */ = {isa = PBXFileReference; lastKnownFileType = sourcecode.swift; path = EndPoint.swift; sourceTree = "<group>"; };
		B794E0FF2B769297009E5697 /* HTTPClient.swift */ = {isa = PBXFileReference; lastKnownFileType = sourcecode.swift; path = HTTPClient.swift; sourceTree = "<group>"; };
		B794E1012B7692B2009E5697 /* HTTPMethod.swift */ = {isa = PBXFileReference; lastKnownFileType = sourcecode.swift; path = HTTPMethod.swift; sourceTree = "<group>"; };
		B794E1032B7692CA009E5697 /* NetworkError.swift */ = {isa = PBXFileReference; lastKnownFileType = sourcecode.swift; path = NetworkError.swift; sourceTree = "<group>"; };
		B794E1052B7692EB009E5697 /* Constants.swift */ = {isa = PBXFileReference; lastKnownFileType = sourcecode.swift; path = Constants.swift; sourceTree = "<group>"; };
		B794E1092B76939F009E5697 /* URLResponseExtension.swift */ = {isa = PBXFileReference; lastKnownFileType = sourcecode.swift; path = URLResponseExtension.swift; sourceTree = "<group>"; };
		B7D9570E2B7BDA8F00AC33D1 /* MemoryDetailsFactory.swift */ = {isa = PBXFileReference; lastKnownFileType = sourcecode.swift; path = MemoryDetailsFactory.swift; sourceTree = "<group>"; };
		B7D9570F2B7BDA8F00AC33D1 /* MemoryDetailsPresenter.swift */ = {isa = PBXFileReference; lastKnownFileType = sourcecode.swift; path = MemoryDetailsPresenter.swift; sourceTree = "<group>"; };
		B7D957102B7BDA8F00AC33D1 /* MemoryDetailsWorker.swift */ = {isa = PBXFileReference; lastKnownFileType = sourcecode.swift; path = MemoryDetailsWorker.swift; sourceTree = "<group>"; };
		B7D957112B7BDA8F00AC33D1 /* MemoryDetailsRouter.swift */ = {isa = PBXFileReference; lastKnownFileType = sourcecode.swift; path = MemoryDetailsRouter.swift; sourceTree = "<group>"; };
		B7D957122B7BDA8F00AC33D1 /* MemoryDetailsEndpoint.swift */ = {isa = PBXFileReference; lastKnownFileType = sourcecode.swift; path = MemoryDetailsEndpoint.swift; sourceTree = "<group>"; };
		B7D957132B7BDA8F00AC33D1 /* MemoryDetailsModels.swift */ = {isa = PBXFileReference; lastKnownFileType = sourcecode.swift; path = MemoryDetailsModels.swift; sourceTree = "<group>"; };
		B7D957142B7BDA8F00AC33D1 /* MemoryDetailsViewController.swift */ = {isa = PBXFileReference; lastKnownFileType = sourcecode.swift; path = MemoryDetailsViewController.swift; sourceTree = "<group>"; };
		B7D957152B7BDA8F00AC33D1 /* MemoryDetailsInteractor.swift */ = {isa = PBXFileReference; lastKnownFileType = sourcecode.swift; path = MemoryDetailsInteractor.swift; sourceTree = "<group>"; };
		B7D957162B7BDA8F00AC33D1 /* MemoryDetailsLogger.swift */ = {isa = PBXFileReference; lastKnownFileType = sourcecode.swift; path = MemoryDetailsLogger.swift; sourceTree = "<group>"; };
		B7D957172B7BDA8F00AC33D1 /* MemoryDetailsViewController.xib */ = {isa = PBXFileReference; lastKnownFileType = file.xib; path = MemoryDetailsViewController.xib; sourceTree = "<group>"; };
		B7D957182B7BDA8F00AC33D1 /* MemoryDetailsService.swift */ = {isa = PBXFileReference; lastKnownFileType = sourcecode.swift; path = MemoryDetailsService.swift; sourceTree = "<group>"; };
		B7D9572D2B7BE9AD00AC33D1 /* UITextFieldExtension.swift */ = {isa = PBXFileReference; lastKnownFileType = sourcecode.swift; path = UITextFieldExtension.swift; sourceTree = "<group>"; };
		B7F40F982B7A8EC200EDA856 /* AnnotaionInfoModel.swift */ = {isa = PBXFileReference; lastKnownFileType = sourcecode.swift; path = AnnotaionInfoModel.swift; sourceTree = "<group>"; };
		B7F40F9A2B7A8F4100EDA856 /* Location.swift */ = {isa = PBXFileReference; lastKnownFileType = sourcecode.swift; path = Location.swift; sourceTree = "<group>"; };
/* End PBXFileReference section */

/* Begin PBXFrameworksBuildPhase section */
		B794E0AE2B768D83009E5697 /* Frameworks */ = {
			isa = PBXFrameworksBuildPhase;
			buildActionMask = 2147483647;
			files = (
			);
			runOnlyForDeploymentPostprocessing = 0;
		};
		B794E0C72B768D84009E5697 /* Frameworks */ = {
			isa = PBXFrameworksBuildPhase;
			buildActionMask = 2147483647;
			files = (
			);
			runOnlyForDeploymentPostprocessing = 0;
		};
		B794E0D12B768D84009E5697 /* Frameworks */ = {
			isa = PBXFrameworksBuildPhase;
			buildActionMask = 2147483647;
			files = (
			);
			runOnlyForDeploymentPostprocessing = 0;
		};
/* End PBXFrameworksBuildPhase section */

/* Begin PBXGroup section */
		B71615122B78ADA6008E7FB8 /* Dashboard */ = {
			isa = PBXGroup;
			children = (
				B716151B2B78AE01008E7FB8 /* DashboardLogger.swift */,
				B716152E2B78AFE2008E7FB8 /* Factory */,
				B716152F2B78AFF1008E7FB8 /* Interactor+Presenter */,
				B71615302B78B12F008E7FB8 /* Model */,
				B71615312B78B139008E7FB8 /* Router */,
				B716152C2B78AFCE008E7FB8 /* Services */,
				B716152B2B78AFC6008E7FB8 /* Views */,
				B716152D2B78AFD9008E7FB8 /* Workers */,
			);
			path = Dashboard;
			sourceTree = "<group>";
		};
		B716152B2B78AFC6008E7FB8 /* Views */ = {
			isa = PBXGroup;
			children = (
				B71615192B78AE01008E7FB8 /* DashboardViewController.swift */,
				B716151C2B78AE01008E7FB8 /* DashboardViewController.xib */,
			);
			path = Views;
			sourceTree = "<group>";
		};
		B716152C2B78AFCE008E7FB8 /* Services */ = {
			isa = PBXGroup;
			children = (
				B71615172B78AE01008E7FB8 /* DashboardEndpoint.swift */,
				B716151D2B78AE01008E7FB8 /* DashboardService.swift */,
			);
			path = Services;
			sourceTree = "<group>";
		};
		B716152D2B78AFD9008E7FB8 /* Workers */ = {
			isa = PBXGroup;
			children = (
				B71615152B78AE01008E7FB8 /* DashboardWorker.swift */,
			);
			path = Workers;
			sourceTree = "<group>";
		};
		B716152E2B78AFE2008E7FB8 /* Factory */ = {
			isa = PBXGroup;
			children = (
				B71615132B78AE01008E7FB8 /* DashboardFactory.swift */,
			);
			path = Factory;
			sourceTree = "<group>";
		};
		B716152F2B78AFF1008E7FB8 /* Interactor+Presenter */ = {
			isa = PBXGroup;
			children = (
				B716151A2B78AE01008E7FB8 /* DashboardInteractor.swift */,
				B71615142B78AE01008E7FB8 /* DashboardPresenter.swift */,
			);
			path = "Interactor+Presenter";
			sourceTree = "<group>";
		};
		B71615302B78B12F008E7FB8 /* Model */ = {
			isa = PBXGroup;
			children = (
				B71615182B78AE01008E7FB8 /* DashboardModels.swift */,
				B7F40F9A2B7A8F4100EDA856 /* Location.swift */,
				B7F40F982B7A8EC200EDA856 /* AnnotaionInfoModel.swift */,
			);
			path = Model;
			sourceTree = "<group>";
		};
		B71615312B78B139008E7FB8 /* Router */ = {
			isa = PBXGroup;
			children = (
				B71615162B78AE01008E7FB8 /* DashboardRouter.swift */,
			);
			path = Router;
			sourceTree = "<group>";
		};
		B724F4F72B77ED76003BEB03 /* LocationService */ = {
			isa = PBXGroup;
			children = (
				B724F4F82B77ED8D003BEB03 /* LocationService.swift */,
				B724F4FA2B77EF97003BEB03 /* CLLocationManagerProtocol.swift */,
			);
			path = LocationService;
			sourceTree = "<group>";
		};
		B794E0A82B768D83009E5697 = {
			isa = PBXGroup;
			children = (
				B794E0B32B768D83009E5697 /* CuteFondMemories */,
				B794E0CD2B768D84009E5697 /* CuteFondMemoriesTests */,
				B794E0D72B768D84009E5697 /* CuteFondMemoriesUITests */,
				B794E0B22B768D83009E5697 /* Products */,
			);
			sourceTree = "<group>";
		};
		B794E0B22B768D83009E5697 /* Products */ = {
			isa = PBXGroup;
			children = (
				B794E0B12B768D83009E5697 /* CuteFondMemories.app */,
				B794E0CA2B768D84009E5697 /* CuteFondMemoriesTests.xctest */,
				B794E0D42B768D84009E5697 /* CuteFondMemoriesUITests.xctest */,
			);
			name = Products;
			sourceTree = "<group>";
		};
		B794E0B32B768D83009E5697 /* CuteFondMemories */ = {
			isa = PBXGroup;
			children = (
				B794E0C52B768D84009E5697 /* Info.plist */,
				B794E0B42B768D83009E5697 /* AppDelegate.swift */,
				B794E0B62B768D83009E5697 /* SceneDelegate.swift */,
				B794E0EE2B768F6F009E5697 /* Common */,
				B794E0BD2B768D83009E5697 /* CuteFondMemories.xcdatamodeld */,
				B794E10C2B7694AF009E5697 /* Modules */,
				B794E0F42B769047009E5697 /* Resources */,
			);
			path = CuteFondMemories;
			sourceTree = "<group>";
		};
		B794E0CD2B768D84009E5697 /* CuteFondMemoriesTests */ = {
			isa = PBXGroup;
			children = (
				B794E0CE2B768D84009E5697 /* CuteFondMemoriesTests.swift */,
			);
			path = CuteFondMemoriesTests;
			sourceTree = "<group>";
		};
		B794E0D72B768D84009E5697 /* CuteFondMemoriesUITests */ = {
			isa = PBXGroup;
			children = (
				B794E0D82B768D84009E5697 /* CuteFondMemoriesUITests.swift */,
				B794E0DA2B768D84009E5697 /* CuteFondMemoriesUITestsLaunchTests.swift */,
			);
			path = CuteFondMemoriesUITests;
			sourceTree = "<group>";
		};
		B794E0EE2B768F6F009E5697 /* Common */ = {
			isa = PBXGroup;
			children = (
				B794E1052B7692EB009E5697 /* Constants.swift */,
				B794E1082B769381009E5697 /* DependencyContainer */,
				B794E1072B769377009E5697 /* Extensions */,
				B724F4F72B77ED76003BEB03 /* LocationService */,
				B794E0F72B769125009E5697 /* Logger */,
				B794E0FA2B76921B009E5697 /* Remote */,
				B794E0EF2B768F84009E5697 /* Storage */,
			);
			path = Common;
			sourceTree = "<group>";
		};
		B794E0EF2B768F84009E5697 /* Storage */ = {
			isa = PBXGroup;
			children = (
				B794E0F02B768FC5009E5697 /* StorageManager.swift */,
				B794E0F22B768FDC009E5697 /* UserDefaultsManager.swift */,
			);
			path = Storage;
			sourceTree = "<group>";
		};
		B794E0F42B769047009E5697 /* Resources */ = {
			isa = PBXGroup;
			children = (
				B794E0C02B768D84009E5697 /* Assets.xcassets */,
				B794E0C22B768D84009E5697 /* LaunchScreen.storyboard */,
			);
			path = Resources;
			sourceTree = "<group>";
		};
		B794E0F72B769125009E5697 /* Logger */ = {
			isa = PBXGroup;
			children = (
				B794E0F82B769191009E5697 /* Logger.swift */,
			);
			path = Logger;
			sourceTree = "<group>";
		};
		B794E0FA2B76921B009E5697 /* Remote */ = {
			isa = PBXGroup;
			children = (
				B794E0FB2B769226009E5697 /* APIHTTPRequestMapper.swift */,
				B794E0FD2B76927C009E5697 /* EndPoint.swift */,
				B794E0FF2B769297009E5697 /* HTTPClient.swift */,
				B794E1012B7692B2009E5697 /* HTTPMethod.swift */,
				B794E1032B7692CA009E5697 /* NetworkError.swift */,
			);
			path = Remote;
			sourceTree = "<group>";
		};
		B794E1072B769377009E5697 /* Extensions */ = {
			isa = PBXGroup;
			children = (
				B7D9572D2B7BE9AD00AC33D1 /* UITextFieldExtension.swift */,
				B794E1092B76939F009E5697 /* URLResponseExtension.swift */,
				B71615322B78B38F008E7FB8 /* XibLoadableExtension.swift */,
				B74684C62B7CA1E8001CA9DC /* UITextViewExtension.swift */,
				B74684C82B7CA82F001CA9DC /* UIViewExtension.swift */,
			);
			path = Extensions;
			sourceTree = "<group>";
		};
		B794E1082B769381009E5697 /* DependencyContainer */ = {
			isa = PBXGroup;
			children = (
				B794E0F52B7690A1009E5697 /* DependencyContainer.swift */,
			);
			path = DependencyContainer;
			sourceTree = "<group>";
		};
		B794E10C2B7694AF009E5697 /* Modules */ = {
			isa = PBXGroup;
			children = (
				B71615122B78ADA6008E7FB8 /* Dashboard */,
				B7D9570D2B7BD9E300AC33D1 /* MemoryDetails */,
			);
			path = Modules;
			sourceTree = "<group>";
		};
		B7D9570D2B7BD9E300AC33D1 /* MemoryDetails */ = {
			isa = PBXGroup;
			children = (
				B7D957162B7BDA8F00AC33D1 /* MemoryDetailsLogger.swift */,
				B7D9572C2B7BDB2D00AC33D1 /* Factory */,
				B7D9572B2B7BDB0D00AC33D1 /* Interactor+Presenter */,
				B7D9572A2B7BDB0800AC33D1 /* Model */,
				B7D957292B7BDB0100AC33D1 /* Router */,
				B7D957282B7BDAAB00AC33D1 /* Services */,
				B7D957272B7BDAA500AC33D1 /* Views */,
				B7D957262B7BDA9B00AC33D1 /* Workers */,
			);
			path = MemoryDetails;
			sourceTree = "<group>";
		};
		B7D957262B7BDA9B00AC33D1 /* Workers */ = {
			isa = PBXGroup;
			children = (
				B7D957102B7BDA8F00AC33D1 /* MemoryDetailsWorker.swift */,
			);
			path = Workers;
			sourceTree = "<group>";
		};
		B7D957272B7BDAA500AC33D1 /* Views */ = {
			isa = PBXGroup;
			children = (
				B7D957142B7BDA8F00AC33D1 /* MemoryDetailsViewController.swift */,
				B7D957172B7BDA8F00AC33D1 /* MemoryDetailsViewController.xib */,
			);
			path = Views;
			sourceTree = "<group>";
		};
		B7D957282B7BDAAB00AC33D1 /* Services */ = {
			isa = PBXGroup;
			children = (
				B7D957122B7BDA8F00AC33D1 /* MemoryDetailsEndpoint.swift */,
				B7D957182B7BDA8F00AC33D1 /* MemoryDetailsService.swift */,
			);
			path = Services;
			sourceTree = "<group>";
		};
		B7D957292B7BDB0100AC33D1 /* Router */ = {
			isa = PBXGroup;
			children = (
				B7D957112B7BDA8F00AC33D1 /* MemoryDetailsRouter.swift */,
			);
			path = Router;
			sourceTree = "<group>";
		};
		B7D9572A2B7BDB0800AC33D1 /* Model */ = {
			isa = PBXGroup;
			children = (
				B7D957132B7BDA8F00AC33D1 /* MemoryDetailsModels.swift */,
			);
			path = Model;
			sourceTree = "<group>";
		};
		B7D9572B2B7BDB0D00AC33D1 /* Interactor+Presenter */ = {
			isa = PBXGroup;
			children = (
				B7D957152B7BDA8F00AC33D1 /* MemoryDetailsInteractor.swift */,
				B7D9570F2B7BDA8F00AC33D1 /* MemoryDetailsPresenter.swift */,
			);
			path = "Interactor+Presenter";
			sourceTree = "<group>";
		};
		B7D9572C2B7BDB2D00AC33D1 /* Factory */ = {
			isa = PBXGroup;
			children = (
				B7D9570E2B7BDA8F00AC33D1 /* MemoryDetailsFactory.swift */,
			);
			path = Factory;
			sourceTree = "<group>";
		};
/* End PBXGroup section */

/* Begin PBXNativeTarget section */
		B794E0B02B768D83009E5697 /* CuteFondMemories */ = {
			isa = PBXNativeTarget;
			buildConfigurationList = B794E0DE2B768D84009E5697 /* Build configuration list for PBXNativeTarget "CuteFondMemories" */;
			buildPhases = (
				B794E0AD2B768D83009E5697 /* Sources */,
				B794E0AE2B768D83009E5697 /* Frameworks */,
				B794E0AF2B768D83009E5697 /* Resources */,
				B794E0E72B768DA6009E5697 /* ShellScript */,
			);
			buildRules = (
			);
			dependencies = (
			);
			name = CuteFondMemories;
			productName = CuteFondMemories;
			productReference = B794E0B12B768D83009E5697 /* CuteFondMemories.app */;
			productType = "com.apple.product-type.application";
		};
		B794E0C92B768D84009E5697 /* CuteFondMemoriesTests */ = {
			isa = PBXNativeTarget;
			buildConfigurationList = B794E0E12B768D84009E5697 /* Build configuration list for PBXNativeTarget "CuteFondMemoriesTests" */;
			buildPhases = (
				B794E0C62B768D84009E5697 /* Sources */,
				B794E0C72B768D84009E5697 /* Frameworks */,
				B794E0C82B768D84009E5697 /* Resources */,
			);
			buildRules = (
			);
			dependencies = (
				B794E0CC2B768D84009E5697 /* PBXTargetDependency */,
			);
			name = CuteFondMemoriesTests;
			productName = CuteFondMemoriesTests;
			productReference = B794E0CA2B768D84009E5697 /* CuteFondMemoriesTests.xctest */;
			productType = "com.apple.product-type.bundle.unit-test";
		};
		B794E0D32B768D84009E5697 /* CuteFondMemoriesUITests */ = {
			isa = PBXNativeTarget;
			buildConfigurationList = B794E0E42B768D84009E5697 /* Build configuration list for PBXNativeTarget "CuteFondMemoriesUITests" */;
			buildPhases = (
				B794E0D02B768D84009E5697 /* Sources */,
				B794E0D12B768D84009E5697 /* Frameworks */,
				B794E0D22B768D84009E5697 /* Resources */,
			);
			buildRules = (
			);
			dependencies = (
				B794E0D62B768D84009E5697 /* PBXTargetDependency */,
			);
			name = CuteFondMemoriesUITests;
			productName = CuteFondMemoriesUITests;
			productReference = B794E0D42B768D84009E5697 /* CuteFondMemoriesUITests.xctest */;
			productType = "com.apple.product-type.bundle.ui-testing";
		};
/* End PBXNativeTarget section */

/* Begin PBXProject section */
		B794E0A92B768D83009E5697 /* Project object */ = {
			isa = PBXProject;
			attributes = {
				BuildIndependentTargetsInParallel = 1;
				LastSwiftUpdateCheck = 1500;
				LastUpgradeCheck = 1500;
				TargetAttributes = {
					B794E0B02B768D83009E5697 = {
						CreatedOnToolsVersion = 15.0.1;
					};
					B794E0C92B768D84009E5697 = {
						CreatedOnToolsVersion = 15.0.1;
						TestTargetID = B794E0B02B768D83009E5697;
					};
					B794E0D32B768D84009E5697 = {
						CreatedOnToolsVersion = 15.0.1;
						TestTargetID = B794E0B02B768D83009E5697;
					};
				};
			};
			buildConfigurationList = B794E0AC2B768D83009E5697 /* Build configuration list for PBXProject "CuteFondMemories" */;
			compatibilityVersion = "Xcode 14.0";
			developmentRegion = en;
			hasScannedForEncodings = 0;
			knownRegions = (
				en,
				Base,
			);
			mainGroup = B794E0A82B768D83009E5697;
			productRefGroup = B794E0B22B768D83009E5697 /* Products */;
			projectDirPath = "";
			projectRoot = "";
			targets = (
				B794E0B02B768D83009E5697 /* CuteFondMemories */,
				B794E0C92B768D84009E5697 /* CuteFondMemoriesTests */,
				B794E0D32B768D84009E5697 /* CuteFondMemoriesUITests */,
			);
		};
/* End PBXProject section */

/* Begin PBXResourcesBuildPhase section */
		B794E0AF2B768D83009E5697 /* Resources */ = {
			isa = PBXResourcesBuildPhase;
			buildActionMask = 2147483647;
			files = (
				B794E0C42B768D84009E5697 /* LaunchScreen.storyboard in Resources */,
				B794E0C12B768D84009E5697 /* Assets.xcassets in Resources */,
				B7D957232B7BDA8F00AC33D1 /* MemoryDetailsViewController.xib in Resources */,
				B71615282B78AE01008E7FB8 /* DashboardViewController.xib in Resources */,
			);
			runOnlyForDeploymentPostprocessing = 0;
		};
		B794E0C82B768D84009E5697 /* Resources */ = {
			isa = PBXResourcesBuildPhase;
			buildActionMask = 2147483647;
			files = (
			);
			runOnlyForDeploymentPostprocessing = 0;
		};
		B794E0D22B768D84009E5697 /* Resources */ = {
			isa = PBXResourcesBuildPhase;
			buildActionMask = 2147483647;
			files = (
			);
			runOnlyForDeploymentPostprocessing = 0;
		};
/* End PBXResourcesBuildPhase section */

/* Begin PBXShellScriptBuildPhase section */
		B794E0E72B768DA6009E5697 /* ShellScript */ = {
			isa = PBXShellScriptBuildPhase;
			buildActionMask = 2147483647;
			files = (
			);
			inputFileListPaths = (
			);
			inputPaths = (
			);
			outputFileListPaths = (
			);
			outputPaths = (
			);
			runOnlyForDeploymentPostprocessing = 0;
			shellPath = /bin/sh;
			shellScript = "if [[ \"$(uname -m)\" == arm64 ]]; then\n    export PATH=\"/opt/homebrew/bin:$PATH\"\nfi\n\nif which swiftlint > /dev/null; then\n  swiftlint\nelse\n  echo \"warning: SwiftLint not installed, download from https://github.com/realm/SwiftLint\"\nfi\n";
		};
/* End PBXShellScriptBuildPhase section */

/* Begin PBXSourcesBuildPhase section */
		B794E0AD2B768D83009E5697 /* Sources */ = {
			isa = PBXSourcesBuildPhase;
			buildActionMask = 2147483647;
			files = (
				B794E0B52B768D83009E5697 /* AppDelegate.swift in Sources */,
				B7D957212B7BDA8F00AC33D1 /* MemoryDetailsInteractor.swift in Sources */,
				B71615252B78AE01008E7FB8 /* DashboardViewController.swift in Sources */,
				B7D957242B7BDA8F00AC33D1 /* MemoryDetailsService.swift in Sources */,
				B71615232B78AE01008E7FB8 /* DashboardEndpoint.swift in Sources */,
				B794E0F32B768FDC009E5697 /* UserDefaultsManager.swift in Sources */,
				B7D9571B2B7BDA8F00AC33D1 /* MemoryDetailsPresenter.swift in Sources */,
				B794E0BF2B768D83009E5697 /* CuteFondMemories.xcdatamodeld in Sources */,
				B7F40F992B7A8EC200EDA856 /* AnnotaionInfoModel.swift in Sources */,
				B7F40F9B2B7A8F4100EDA856 /* Location.swift in Sources */,
				B716151F2B78AE01008E7FB8 /* DashboardFactory.swift in Sources */,
				B7D9572E2B7BE9AD00AC33D1 /* UITextFieldExtension.swift in Sources */,
				B794E1022B7692B2009E5697 /* HTTPMethod.swift in Sources */,
				B71615202B78AE01008E7FB8 /* DashboardPresenter.swift in Sources */,
				B794E0FE2B76927C009E5697 /* EndPoint.swift in Sources */,
				B7D9571E2B7BDA8F00AC33D1 /* MemoryDetailsEndpoint.swift in Sources */,
				B794E0B72B768D83009E5697 /* SceneDelegate.swift in Sources */,
				B7D9571C2B7BDA8F00AC33D1 /* MemoryDetailsWorker.swift in Sources */,
				B74684C92B7CA82F001CA9DC /* UIViewExtension.swift in Sources */,
				B794E0F92B769191009E5697 /* Logger.swift in Sources */,
				B7D957222B7BDA8F00AC33D1 /* MemoryDetailsLogger.swift in Sources */,
				B724F4F92B77ED8D003BEB03 /* LocationService.swift in Sources */,
				B71615332B78B38F008E7FB8 /* XibLoadableExtension.swift in Sources */,
				B7D957202B7BDA8F00AC33D1 /* MemoryDetailsViewController.swift in Sources */,
				B794E1062B7692EB009E5697 /* Constants.swift in Sources */,
				B794E1002B769297009E5697 /* HTTPClient.swift in Sources */,
				B794E0FC2B769226009E5697 /* APIHTTPRequestMapper.swift in Sources */,
				B71615242B78AE01008E7FB8 /* DashboardModels.swift in Sources */,
				B71615212B78AE01008E7FB8 /* DashboardWorker.swift in Sources */,
				B71615272B78AE01008E7FB8 /* DashboardLogger.swift in Sources */,
				B794E1042B7692CA009E5697 /* NetworkError.swift in Sources */,
				B794E0F62B7690A1009E5697 /* DependencyContainer.swift in Sources */,
				B71615292B78AE01008E7FB8 /* DashboardService.swift in Sources */,
				B7D9571A2B7BDA8F00AC33D1 /* MemoryDetailsFactory.swift in Sources */,
				B794E10A2B76939F009E5697 /* URLResponseExtension.swift in Sources */,
				B71615222B78AE01008E7FB8 /* DashboardRouter.swift in Sources */,
				B74684C72B7CA1E8001CA9DC /* UITextViewExtension.swift in Sources */,
				B794E0F12B768FC5009E5697 /* StorageManager.swift in Sources */,
				B7D9571F2B7BDA8F00AC33D1 /* MemoryDetailsModels.swift in Sources */,
				B7D9571D2B7BDA8F00AC33D1 /* MemoryDetailsRouter.swift in Sources */,
				B724F4FB2B77EF97003BEB03 /* CLLocationManagerProtocol.swift in Sources */,
				B71615262B78AE01008E7FB8 /* DashboardInteractor.swift in Sources */,
			);
			runOnlyForDeploymentPostprocessing = 0;
		};
		B794E0C62B768D84009E5697 /* Sources */ = {
			isa = PBXSourcesBuildPhase;
			buildActionMask = 2147483647;
			files = (
				B794E0CF2B768D84009E5697 /* CuteFondMemoriesTests.swift in Sources */,
			);
			runOnlyForDeploymentPostprocessing = 0;
		};
		B794E0D02B768D84009E5697 /* Sources */ = {
			isa = PBXSourcesBuildPhase;
			buildActionMask = 2147483647;
			files = (
				B794E0D92B768D84009E5697 /* CuteFondMemoriesUITests.swift in Sources */,
				B794E0DB2B768D84009E5697 /* CuteFondMemoriesUITestsLaunchTests.swift in Sources */,
			);
			runOnlyForDeploymentPostprocessing = 0;
		};
/* End PBXSourcesBuildPhase section */

/* Begin PBXTargetDependency section */
		B794E0CC2B768D84009E5697 /* PBXTargetDependency */ = {
			isa = PBXTargetDependency;
			target = B794E0B02B768D83009E5697 /* CuteFondMemories */;
			targetProxy = B794E0CB2B768D84009E5697 /* PBXContainerItemProxy */;
		};
		B794E0D62B768D84009E5697 /* PBXTargetDependency */ = {
			isa = PBXTargetDependency;
			target = B794E0B02B768D83009E5697 /* CuteFondMemories */;
			targetProxy = B794E0D52B768D84009E5697 /* PBXContainerItemProxy */;
		};
/* End PBXTargetDependency section */

/* Begin PBXVariantGroup section */
		B794E0C22B768D84009E5697 /* LaunchScreen.storyboard */ = {
			isa = PBXVariantGroup;
			children = (
				B794E0C32B768D84009E5697 /* Base */,
			);
			name = LaunchScreen.storyboard;
			sourceTree = "<group>";
		};
/* End PBXVariantGroup section */

/* Begin XCBuildConfiguration section */
		B794E0DC2B768D84009E5697 /* Debug */ = {
			isa = XCBuildConfiguration;
			buildSettings = {
				ALWAYS_SEARCH_USER_PATHS = NO;
				ASSETCATALOG_COMPILER_GENERATE_SWIFT_ASSET_SYMBOL_EXTENSIONS = YES;
				CLANG_ANALYZER_NONNULL = YES;
				CLANG_ANALYZER_NUMBER_OBJECT_CONVERSION = YES_AGGRESSIVE;
				CLANG_CXX_LANGUAGE_STANDARD = "gnu++20";
				CLANG_ENABLE_MODULES = YES;
				CLANG_ENABLE_OBJC_ARC = YES;
				CLANG_ENABLE_OBJC_WEAK = YES;
				CLANG_WARN_BLOCK_CAPTURE_AUTORELEASING = YES;
				CLANG_WARN_BOOL_CONVERSION = YES;
				CLANG_WARN_COMMA = YES;
				CLANG_WARN_CONSTANT_CONVERSION = YES;
				CLANG_WARN_DEPRECATED_OBJC_IMPLEMENTATIONS = YES;
				CLANG_WARN_DIRECT_OBJC_ISA_USAGE = YES_ERROR;
				CLANG_WARN_DOCUMENTATION_COMMENTS = YES;
				CLANG_WARN_EMPTY_BODY = YES;
				CLANG_WARN_ENUM_CONVERSION = YES;
				CLANG_WARN_INFINITE_RECURSION = YES;
				CLANG_WARN_INT_CONVERSION = YES;
				CLANG_WARN_NON_LITERAL_NULL_CONVERSION = YES;
				CLANG_WARN_OBJC_IMPLICIT_RETAIN_SELF = YES;
				CLANG_WARN_OBJC_LITERAL_CONVERSION = YES;
				CLANG_WARN_OBJC_ROOT_CLASS = YES_ERROR;
				CLANG_WARN_QUOTED_INCLUDE_IN_FRAMEWORK_HEADER = YES;
				CLANG_WARN_RANGE_LOOP_ANALYSIS = YES;
				CLANG_WARN_STRICT_PROTOTYPES = YES;
				CLANG_WARN_SUSPICIOUS_MOVE = YES;
				CLANG_WARN_UNGUARDED_AVAILABILITY = YES_AGGRESSIVE;
				CLANG_WARN_UNREACHABLE_CODE = YES;
				CLANG_WARN__DUPLICATE_METHOD_MATCH = YES;
				COPY_PHASE_STRIP = NO;
				DEBUG_INFORMATION_FORMAT = dwarf;
				ENABLE_STRICT_OBJC_MSGSEND = YES;
				ENABLE_TESTABILITY = YES;
				ENABLE_USER_SCRIPT_SANDBOXING = YES;
				GCC_C_LANGUAGE_STANDARD = gnu17;
				GCC_DYNAMIC_NO_PIC = NO;
				GCC_NO_COMMON_BLOCKS = YES;
				GCC_OPTIMIZATION_LEVEL = 0;
				GCC_PREPROCESSOR_DEFINITIONS = (
					"DEBUG=1",
					"$(inherited)",
				);
				GCC_WARN_64_TO_32_BIT_CONVERSION = YES;
				GCC_WARN_ABOUT_RETURN_TYPE = YES_ERROR;
				GCC_WARN_UNDECLARED_SELECTOR = YES;
				GCC_WARN_UNINITIALIZED_AUTOS = YES_AGGRESSIVE;
				GCC_WARN_UNUSED_FUNCTION = YES;
				GCC_WARN_UNUSED_VARIABLE = YES;
				IPHONEOS_DEPLOYMENT_TARGET = 17.0;
				LOCALIZATION_PREFERS_STRING_CATALOGS = YES;
				MTL_ENABLE_DEBUG_INFO = INCLUDE_SOURCE;
				MTL_FAST_MATH = YES;
				ONLY_ACTIVE_ARCH = YES;
				SDKROOT = iphoneos;
				SWIFT_ACTIVE_COMPILATION_CONDITIONS = "DEBUG $(inherited)";
				SWIFT_OPTIMIZATION_LEVEL = "-Onone";
			};
			name = Debug;
		};
		B794E0DD2B768D84009E5697 /* Release */ = {
			isa = XCBuildConfiguration;
			buildSettings = {
				ALWAYS_SEARCH_USER_PATHS = NO;
				ASSETCATALOG_COMPILER_GENERATE_SWIFT_ASSET_SYMBOL_EXTENSIONS = YES;
				CLANG_ANALYZER_NONNULL = YES;
				CLANG_ANALYZER_NUMBER_OBJECT_CONVERSION = YES_AGGRESSIVE;
				CLANG_CXX_LANGUAGE_STANDARD = "gnu++20";
				CLANG_ENABLE_MODULES = YES;
				CLANG_ENABLE_OBJC_ARC = YES;
				CLANG_ENABLE_OBJC_WEAK = YES;
				CLANG_WARN_BLOCK_CAPTURE_AUTORELEASING = YES;
				CLANG_WARN_BOOL_CONVERSION = YES;
				CLANG_WARN_COMMA = YES;
				CLANG_WARN_CONSTANT_CONVERSION = YES;
				CLANG_WARN_DEPRECATED_OBJC_IMPLEMENTATIONS = YES;
				CLANG_WARN_DIRECT_OBJC_ISA_USAGE = YES_ERROR;
				CLANG_WARN_DOCUMENTATION_COMMENTS = YES;
				CLANG_WARN_EMPTY_BODY = YES;
				CLANG_WARN_ENUM_CONVERSION = YES;
				CLANG_WARN_INFINITE_RECURSION = YES;
				CLANG_WARN_INT_CONVERSION = YES;
				CLANG_WARN_NON_LITERAL_NULL_CONVERSION = YES;
				CLANG_WARN_OBJC_IMPLICIT_RETAIN_SELF = YES;
				CLANG_WARN_OBJC_LITERAL_CONVERSION = YES;
				CLANG_WARN_OBJC_ROOT_CLASS = YES_ERROR;
				CLANG_WARN_QUOTED_INCLUDE_IN_FRAMEWORK_HEADER = YES;
				CLANG_WARN_RANGE_LOOP_ANALYSIS = YES;
				CLANG_WARN_STRICT_PROTOTYPES = YES;
				CLANG_WARN_SUSPICIOUS_MOVE = YES;
				CLANG_WARN_UNGUARDED_AVAILABILITY = YES_AGGRESSIVE;
				CLANG_WARN_UNREACHABLE_CODE = YES;
				CLANG_WARN__DUPLICATE_METHOD_MATCH = YES;
				COPY_PHASE_STRIP = NO;
				DEBUG_INFORMATION_FORMAT = "dwarf-with-dsym";
				ENABLE_NS_ASSERTIONS = NO;
				ENABLE_STRICT_OBJC_MSGSEND = YES;
				ENABLE_USER_SCRIPT_SANDBOXING = YES;
				GCC_C_LANGUAGE_STANDARD = gnu17;
				GCC_NO_COMMON_BLOCKS = YES;
				GCC_WARN_64_TO_32_BIT_CONVERSION = YES;
				GCC_WARN_ABOUT_RETURN_TYPE = YES_ERROR;
				GCC_WARN_UNDECLARED_SELECTOR = YES;
				GCC_WARN_UNINITIALIZED_AUTOS = YES_AGGRESSIVE;
				GCC_WARN_UNUSED_FUNCTION = YES;
				GCC_WARN_UNUSED_VARIABLE = YES;
				IPHONEOS_DEPLOYMENT_TARGET = 17.0;
				LOCALIZATION_PREFERS_STRING_CATALOGS = YES;
				MTL_ENABLE_DEBUG_INFO = NO;
				MTL_FAST_MATH = YES;
				SDKROOT = iphoneos;
				SWIFT_COMPILATION_MODE = wholemodule;
				VALIDATE_PRODUCT = YES;
			};
			name = Release;
		};
		B794E0DF2B768D84009E5697 /* Debug */ = {
			isa = XCBuildConfiguration;
			buildSettings = {
				ASSETCATALOG_COMPILER_APPICON_NAME = AppIcon;
				ASSETCATALOG_COMPILER_GLOBAL_ACCENT_COLOR_NAME = AccentColor;
				CODE_SIGN_STYLE = Automatic;
				CURRENT_PROJECT_VERSION = 1;
				ENABLE_USER_SCRIPT_SANDBOXING = NO;
				GENERATE_INFOPLIST_FILE = YES;
				INFOPLIST_FILE = CuteFondMemories/Info.plist;
				INFOPLIST_KEY_UIApplicationSupportsIndirectInputEvents = YES;
				INFOPLIST_KEY_UILaunchStoryboardName = LaunchScreen;
				INFOPLIST_KEY_UIMainStoryboardFile = "";
				INFOPLIST_KEY_UISupportedInterfaceOrientations = UIInterfaceOrientationPortrait;
				INFOPLIST_KEY_UISupportedInterfaceOrientations_iPad = "UIInterfaceOrientationLandscapeLeft UIInterfaceOrientationLandscapeRight UIInterfaceOrientationPortrait UIInterfaceOrientationPortraitUpsideDown";
				IPHONEOS_DEPLOYMENT_TARGET = 16.0;
				LD_RUNPATH_SEARCH_PATHS = (
					"$(inherited)",
					"@executable_path/Frameworks",
				);
				MARKETING_VERSION = 1.0;
				PRODUCT_BUNDLE_IDENTIFIER = com.mCh.CuteFondMemories;
				PRODUCT_NAME = "$(TARGET_NAME)";
				SUPPORTED_PLATFORMS = "iphoneos iphonesimulator";
				SUPPORTS_MACCATALYST = NO;
				SUPPORTS_MAC_DESIGNED_FOR_IPHONE_IPAD = NO;
				SWIFT_EMIT_LOC_STRINGS = YES;
				SWIFT_VERSION = 5.0;
				TARGETED_DEVICE_FAMILY = 1;
			};
			name = Debug;
		};
		B794E0E02B768D84009E5697 /* Release */ = {
			isa = XCBuildConfiguration;
			buildSettings = {
				ASSETCATALOG_COMPILER_APPICON_NAME = AppIcon;
				ASSETCATALOG_COMPILER_GLOBAL_ACCENT_COLOR_NAME = AccentColor;
				CODE_SIGN_STYLE = Automatic;
				CURRENT_PROJECT_VERSION = 1;
				ENABLE_USER_SCRIPT_SANDBOXING = NO;
				GENERATE_INFOPLIST_FILE = YES;
				INFOPLIST_FILE = CuteFondMemories/Info.plist;
				INFOPLIST_KEY_UIApplicationSupportsIndirectInputEvents = YES;
				INFOPLIST_KEY_UILaunchStoryboardName = LaunchScreen;
				INFOPLIST_KEY_UIMainStoryboardFile = "";
				INFOPLIST_KEY_UISupportedInterfaceOrientations = UIInterfaceOrientationPortrait;
				INFOPLIST_KEY_UISupportedInterfaceOrientations_iPad = "UIInterfaceOrientationLandscapeLeft UIInterfaceOrientationLandscapeRight UIInterfaceOrientationPortrait UIInterfaceOrientationPortraitUpsideDown";
				IPHONEOS_DEPLOYMENT_TARGET = 16.0;
				LD_RUNPATH_SEARCH_PATHS = (
					"$(inherited)",
					"@executable_path/Frameworks",
				);
				MARKETING_VERSION = 1.0;
				PRODUCT_BUNDLE_IDENTIFIER = com.mCh.CuteFondMemories;
				PRODUCT_NAME = "$(TARGET_NAME)";
				SUPPORTED_PLATFORMS = "iphoneos iphonesimulator";
				SUPPORTS_MACCATALYST = NO;
				SUPPORTS_MAC_DESIGNED_FOR_IPHONE_IPAD = NO;
				SWIFT_EMIT_LOC_STRINGS = YES;
				SWIFT_VERSION = 5.0;
				TARGETED_DEVICE_FAMILY = 1;
			};
			name = Release;
		};
		B794E0E22B768D84009E5697 /* Debug */ = {
			isa = XCBuildConfiguration;
			buildSettings = {
				ALWAYS_EMBED_SWIFT_STANDARD_LIBRARIES = YES;
				BUNDLE_LOADER = "$(TEST_HOST)";
				CODE_SIGN_STYLE = Automatic;
				CURRENT_PROJECT_VERSION = 1;
				GENERATE_INFOPLIST_FILE = YES;
				IPHONEOS_DEPLOYMENT_TARGET = 17.0;
				MARKETING_VERSION = 1.0;
				PRODUCT_BUNDLE_IDENTIFIER = com.mCh.CuteFondMemoriesTests;
				PRODUCT_NAME = "$(TARGET_NAME)";
				SWIFT_EMIT_LOC_STRINGS = NO;
				SWIFT_VERSION = 5.0;
				TARGETED_DEVICE_FAMILY = "1,2";
				TEST_HOST = "$(BUILT_PRODUCTS_DIR)/CuteFondMemories.app/$(BUNDLE_EXECUTABLE_FOLDER_PATH)/CuteFondMemories";
			};
			name = Debug;
		};
		B794E0E32B768D84009E5697 /* Release */ = {
			isa = XCBuildConfiguration;
			buildSettings = {
				ALWAYS_EMBED_SWIFT_STANDARD_LIBRARIES = YES;
				BUNDLE_LOADER = "$(TEST_HOST)";
				CODE_SIGN_STYLE = Automatic;
				CURRENT_PROJECT_VERSION = 1;
				GENERATE_INFOPLIST_FILE = YES;
				IPHONEOS_DEPLOYMENT_TARGET = 17.0;
				MARKETING_VERSION = 1.0;
				PRODUCT_BUNDLE_IDENTIFIER = com.mCh.CuteFondMemoriesTests;
				PRODUCT_NAME = "$(TARGET_NAME)";
				SWIFT_EMIT_LOC_STRINGS = NO;
				SWIFT_VERSION = 5.0;
				TARGETED_DEVICE_FAMILY = "1,2";
				TEST_HOST = "$(BUILT_PRODUCTS_DIR)/CuteFondMemories.app/$(BUNDLE_EXECUTABLE_FOLDER_PATH)/CuteFondMemories";
			};
			name = Release;
		};
		B794E0E52B768D84009E5697 /* Debug */ = {
			isa = XCBuildConfiguration;
			buildSettings = {
				ALWAYS_EMBED_SWIFT_STANDARD_LIBRARIES = YES;
				CODE_SIGN_STYLE = Automatic;
				CURRENT_PROJECT_VERSION = 1;
				GENERATE_INFOPLIST_FILE = YES;
				MARKETING_VERSION = 1.0;
				PRODUCT_BUNDLE_IDENTIFIER = com.mCh.CuteFondMemoriesUITests;
				PRODUCT_NAME = "$(TARGET_NAME)";
				SWIFT_EMIT_LOC_STRINGS = NO;
				SWIFT_VERSION = 5.0;
				TARGETED_DEVICE_FAMILY = "1,2";
				TEST_TARGET_NAME = CuteFondMemories;
			};
			name = Debug;
		};
		B794E0E62B768D84009E5697 /* Release */ = {
			isa = XCBuildConfiguration;
			buildSettings = {
				ALWAYS_EMBED_SWIFT_STANDARD_LIBRARIES = YES;
				CODE_SIGN_STYLE = Automatic;
				CURRENT_PROJECT_VERSION = 1;
				GENERATE_INFOPLIST_FILE = YES;
				MARKETING_VERSION = 1.0;
				PRODUCT_BUNDLE_IDENTIFIER = com.mCh.CuteFondMemoriesUITests;
				PRODUCT_NAME = "$(TARGET_NAME)";
				SWIFT_EMIT_LOC_STRINGS = NO;
				SWIFT_VERSION = 5.0;
				TARGETED_DEVICE_FAMILY = "1,2";
				TEST_TARGET_NAME = CuteFondMemories;
			};
			name = Release;
		};
/* End XCBuildConfiguration section */

/* Begin XCConfigurationList section */
		B794E0AC2B768D83009E5697 /* Build configuration list for PBXProject "CuteFondMemories" */ = {
			isa = XCConfigurationList;
			buildConfigurations = (
				B794E0DC2B768D84009E5697 /* Debug */,
				B794E0DD2B768D84009E5697 /* Release */,
			);
			defaultConfigurationIsVisible = 0;
			defaultConfigurationName = Release;
		};
		B794E0DE2B768D84009E5697 /* Build configuration list for PBXNativeTarget "CuteFondMemories" */ = {
			isa = XCConfigurationList;
			buildConfigurations = (
				B794E0DF2B768D84009E5697 /* Debug */,
				B794E0E02B768D84009E5697 /* Release */,
			);
			defaultConfigurationIsVisible = 0;
			defaultConfigurationName = Release;
		};
		B794E0E12B768D84009E5697 /* Build configuration list for PBXNativeTarget "CuteFondMemoriesTests" */ = {
			isa = XCConfigurationList;
			buildConfigurations = (
				B794E0E22B768D84009E5697 /* Debug */,
				B794E0E32B768D84009E5697 /* Release */,
			);
			defaultConfigurationIsVisible = 0;
			defaultConfigurationName = Release;
		};
		B794E0E42B768D84009E5697 /* Build configuration list for PBXNativeTarget "CuteFondMemoriesUITests" */ = {
			isa = XCConfigurationList;
			buildConfigurations = (
				B794E0E52B768D84009E5697 /* Debug */,
				B794E0E62B768D84009E5697 /* Release */,
			);
			defaultConfigurationIsVisible = 0;
			defaultConfigurationName = Release;
		};
/* End XCConfigurationList section */

/* Begin XCVersionGroup section */
		B794E0BD2B768D83009E5697 /* CuteFondMemories.xcdatamodeld */ = {
			isa = XCVersionGroup;
			children = (
				B794E0BE2B768D83009E5697 /* CuteFondMemories.xcdatamodel */,
			);
			currentVersion = B794E0BE2B768D83009E5697 /* CuteFondMemories.xcdatamodel */;
			path = CuteFondMemories.xcdatamodeld;
			sourceTree = "<group>";
			versionGroupType = wrapper.xcdatamodel;
		};
/* End XCVersionGroup section */
	};
	rootObject = B794E0A92B768D83009E5697 /* Project object */;
}
