// !$*UTF8*$!
{
	archiveVersion = 1;
	classes = {
	};
	objectVersion = 56;
	objects = {

/* Begin PBXBuildFile section */
		B704D1172B88FA0900492B10 /* XCTestCase+Extension.swift in Sources */ = {isa = PBXBuildFile; fileRef = B704D1162B88FA0900492B10 /* XCTestCase+Extension.swift */; };
		B704D1192B890B8300492B10 /* DateExtension.swift in Sources */ = {isa = PBXBuildFile; fileRef = B704D1182B890B8300492B10 /* DateExtension.swift */; };
		B716151F2B78AE01008E7FB8 /* DashboardFactory.swift in Sources */ = {isa = PBXBuildFile; fileRef = B71615132B78AE01008E7FB8 /* DashboardFactory.swift */; };
		B71615202B78AE01008E7FB8 /* DashboardPresenter.swift in Sources */ = {isa = PBXBuildFile; fileRef = B71615142B78AE01008E7FB8 /* DashboardPresenter.swift */; };
		B71615212B78AE01008E7FB8 /* DashboardWorker.swift in Sources */ = {isa = PBXBuildFile; fileRef = B71615152B78AE01008E7FB8 /* DashboardWorker.swift */; };
		B71615222B78AE01008E7FB8 /* DashboardRouter.swift in Sources */ = {isa = PBXBuildFile; fileRef = B71615162B78AE01008E7FB8 /* DashboardRouter.swift */; };
		B71615232B78AE01008E7FB8 /* DashboardEndpoint.swift in Sources */ = {isa = PBXBuildFile; fileRef = B71615172B78AE01008E7FB8 /* DashboardEndpoint.swift */; };
		B71615242B78AE01008E7FB8 /* DashboardModels.swift in Sources */ = {isa = PBXBuildFile; fileRef = B71615182B78AE01008E7FB8 /* DashboardModels.swift */; };
		B71615252B78AE01008E7FB8 /* DashboardViewController.swift in Sources */ = {isa = PBXBuildFile; fileRef = B71615192B78AE01008E7FB8 /* DashboardViewController.swift */; };
		B71615262B78AE01008E7FB8 /* DashboardInteractor.swift in Sources */ = {isa = PBXBuildFile; fileRef = B716151A2B78AE01008E7FB8 /* DashboardInteractor.swift */; };
		B71615272B78AE01008E7FB8 /* DashboardLogger.swift in Sources */ = {isa = PBXBuildFile; fileRef = B716151B2B78AE01008E7FB8 /* DashboardLogger.swift */; };
		B71615282B78AE01008E7FB8 /* DashboardViewController.xib in Resources */ = {isa = PBXBuildFile; fileRef = B716151C2B78AE01008E7FB8 /* DashboardViewController.xib */; };
		B71615292B78AE01008E7FB8 /* DashboardService.swift in Sources */ = {isa = PBXBuildFile; fileRef = B716151D2B78AE01008E7FB8 /* DashboardService.swift */; };
		B71615332B78B38F008E7FB8 /* XibLoadableExtension.swift in Sources */ = {isa = PBXBuildFile; fileRef = B71615322B78B38F008E7FB8 /* XibLoadableExtension.swift */; };
		B71B79262C0E3A130036DC6E /* MainTabBarFactory.swift in Sources */ = {isa = PBXBuildFile; fileRef = B71B791A2C0E3A130036DC6E /* MainTabBarFactory.swift */; };
		B71B79272C0E3A130036DC6E /* MainTabBarPresenter.swift in Sources */ = {isa = PBXBuildFile; fileRef = B71B791B2C0E3A130036DC6E /* MainTabBarPresenter.swift */; };
		B71B79282C0E3A130036DC6E /* MainTabBarWorker.swift in Sources */ = {isa = PBXBuildFile; fileRef = B71B791C2C0E3A130036DC6E /* MainTabBarWorker.swift */; };
		B71B79292C0E3A130036DC6E /* MainTabBarRouter.swift in Sources */ = {isa = PBXBuildFile; fileRef = B71B791D2C0E3A130036DC6E /* MainTabBarRouter.swift */; };
		B71B792B2C0E3A130036DC6E /* MainTabBarModels.swift in Sources */ = {isa = PBXBuildFile; fileRef = B71B791F2C0E3A130036DC6E /* MainTabBarModels.swift */; };
		B71B792C2C0E3A130036DC6E /* MainTabBarViewController.swift in Sources */ = {isa = PBXBuildFile; fileRef = B71B79202C0E3A130036DC6E /* MainTabBarViewController.swift */; };
		B71B792D2C0E3A130036DC6E /* MainTabBarInteractor.swift in Sources */ = {isa = PBXBuildFile; fileRef = B71B79212C0E3A130036DC6E /* MainTabBarInteractor.swift */; };
		B71B792E2C0E3A130036DC6E /* MainTabBarLogger.swift in Sources */ = {isa = PBXBuildFile; fileRef = B71B79222C0E3A130036DC6E /* MainTabBarLogger.swift */; };
		B71B792F2C0E3A130036DC6E /* MainTabBarViewController.xib in Resources */ = {isa = PBXBuildFile; fileRef = B71B79232C0E3A130036DC6E /* MainTabBarViewController.xib */; };
		B71B79452C0E442C0036DC6E /* SettingFactory.swift in Sources */ = {isa = PBXBuildFile; fileRef = B71B79392C0E442C0036DC6E /* SettingFactory.swift */; };
		B71B79462C0E442C0036DC6E /* SettingPresenter.swift in Sources */ = {isa = PBXBuildFile; fileRef = B71B793A2C0E442C0036DC6E /* SettingPresenter.swift */; };
		B71B79472C0E442C0036DC6E /* SettingWorker.swift in Sources */ = {isa = PBXBuildFile; fileRef = B71B793B2C0E442C0036DC6E /* SettingWorker.swift */; };
		B71B79482C0E442C0036DC6E /* SettingRouter.swift in Sources */ = {isa = PBXBuildFile; fileRef = B71B793C2C0E442C0036DC6E /* SettingRouter.swift */; };
		B71B79492C0E442C0036DC6E /* SettingEndpoint.swift in Sources */ = {isa = PBXBuildFile; fileRef = B71B793D2C0E442C0036DC6E /* SettingEndpoint.swift */; };
		B71B794A2C0E442C0036DC6E /* SettingModels.swift in Sources */ = {isa = PBXBuildFile; fileRef = B71B793E2C0E442C0036DC6E /* SettingModels.swift */; };
		B71B794B2C0E442C0036DC6E /* SettingViewController.swift in Sources */ = {isa = PBXBuildFile; fileRef = B71B793F2C0E442C0036DC6E /* SettingViewController.swift */; };
		B71B794C2C0E442C0036DC6E /* SettingInteractor.swift in Sources */ = {isa = PBXBuildFile; fileRef = B71B79402C0E442C0036DC6E /* SettingInteractor.swift */; };
		B71B794D2C0E442C0036DC6E /* SettingLogger.swift in Sources */ = {isa = PBXBuildFile; fileRef = B71B79412C0E442C0036DC6E /* SettingLogger.swift */; };
		B71B794E2C0E442C0036DC6E /* SettingViewController.xib in Resources */ = {isa = PBXBuildFile; fileRef = B71B79422C0E442C0036DC6E /* SettingViewController.xib */; };
		B71B794F2C0E442C0036DC6E /* SettingService.swift in Sources */ = {isa = PBXBuildFile; fileRef = B71B79432C0E442C0036DC6E /* SettingService.swift */; };
		B724F4F92B77ED8D003BEB03 /* LocationService.swift in Sources */ = {isa = PBXBuildFile; fileRef = B724F4F82B77ED8D003BEB03 /* LocationService.swift */; };
		B724F4FB2B77EF97003BEB03 /* CLLocationManagerProtocol.swift in Sources */ = {isa = PBXBuildFile; fileRef = B724F4FA2B77EF97003BEB03 /* CLLocationManagerProtocol.swift */; };
		B7276BFB2B86729400E00D3D /* DashboardInteractorTests.swift in Sources */ = {isa = PBXBuildFile; fileRef = B7276BF72B86729400E00D3D /* DashboardInteractorTests.swift */; };
		B74684C72B7CA1E8001CA9DC /* UITextViewExtension.swift in Sources */ = {isa = PBXBuildFile; fileRef = B74684C62B7CA1E8001CA9DC /* UITextViewExtension.swift */; };
		B74684C92B7CA82F001CA9DC /* UIViewExtension.swift in Sources */ = {isa = PBXBuildFile; fileRef = B74684C82B7CA82F001CA9DC /* UIViewExtension.swift */; };
		B755BF972B9100D3002BFC7E /* UIViewControllerExtension.swift in Sources */ = {isa = PBXBuildFile; fileRef = B755BF962B9100D3002BFC7E /* UIViewControllerExtension.swift */; };
		B755BF9A2B91033F002BFC7E /* Localizable.strings in Resources */ = {isa = PBXBuildFile; fileRef = B755BF9C2B91033F002BFC7E /* Localizable.strings */; };
		B755BF9E2B910439002BFC7E /* StringExtension.swift in Sources */ = {isa = PBXBuildFile; fileRef = B755BF9D2B910439002BFC7E /* StringExtension.swift */; };
		B794E0B52B768D83009E5697 /* AppDelegate.swift in Sources */ = {isa = PBXBuildFile; fileRef = B794E0B42B768D83009E5697 /* AppDelegate.swift */; };
		B794E0B72B768D83009E5697 /* SceneDelegate.swift in Sources */ = {isa = PBXBuildFile; fileRef = B794E0B62B768D83009E5697 /* SceneDelegate.swift */; };
		B794E0BF2B768D83009E5697 /* CuteFondMemories.xcdatamodeld in Sources */ = {isa = PBXBuildFile; fileRef = B794E0BD2B768D83009E5697 /* CuteFondMemories.xcdatamodeld */; };
		B794E0C12B768D84009E5697 /* Assets.xcassets in Resources */ = {isa = PBXBuildFile; fileRef = B794E0C02B768D84009E5697 /* Assets.xcassets */; };
		B794E0C42B768D84009E5697 /* LaunchScreen.storyboard in Resources */ = {isa = PBXBuildFile; fileRef = B794E0C22B768D84009E5697 /* LaunchScreen.storyboard */; };
		B794E0CF2B768D84009E5697 /* CuteFondMemoriesTests.swift in Sources */ = {isa = PBXBuildFile; fileRef = B794E0CE2B768D84009E5697 /* CuteFondMemoriesTests.swift */; };
		B794E0D92B768D84009E5697 /* CuteFondMemoriesUITests.swift in Sources */ = {isa = PBXBuildFile; fileRef = B794E0D82B768D84009E5697 /* CuteFondMemoriesUITests.swift */; };
		B794E0DB2B768D84009E5697 /* CuteFondMemoriesUITestsLaunchTests.swift in Sources */ = {isa = PBXBuildFile; fileRef = B794E0DA2B768D84009E5697 /* CuteFondMemoriesUITestsLaunchTests.swift */; };
		B794E0F12B768FC5009E5697 /* StorageManager.swift in Sources */ = {isa = PBXBuildFile; fileRef = B794E0F02B768FC5009E5697 /* StorageManager.swift */; };
		B794E0F32B768FDC009E5697 /* UserDefaultsManager.swift in Sources */ = {isa = PBXBuildFile; fileRef = B794E0F22B768FDC009E5697 /* UserDefaultsManager.swift */; };
		B794E0F62B7690A1009E5697 /* DependencyContainer.swift in Sources */ = {isa = PBXBuildFile; fileRef = B794E0F52B7690A1009E5697 /* DependencyContainer.swift */; };
		B794E0F92B769191009E5697 /* Logger.swift in Sources */ = {isa = PBXBuildFile; fileRef = B794E0F82B769191009E5697 /* Logger.swift */; };
		B794E1062B7692EB009E5697 /* Constants.swift in Sources */ = {isa = PBXBuildFile; fileRef = B794E1052B7692EB009E5697 /* Constants.swift */; };
		B794E10A2B76939F009E5697 /* URLResponseExtension.swift in Sources */ = {isa = PBXBuildFile; fileRef = B794E1092B76939F009E5697 /* URLResponseExtension.swift */; };
		B79795132C7FA43B00A3B591 /* OnboardingFactory.swift in Sources */ = {isa = PBXBuildFile; fileRef = B79795072C7FA43B00A3B591 /* OnboardingFactory.swift */; };
		B79795142C7FA43B00A3B591 /* OnboardingPresenter.swift in Sources */ = {isa = PBXBuildFile; fileRef = B79795082C7FA43B00A3B591 /* OnboardingPresenter.swift */; };
		B79795152C7FA43B00A3B591 /* OnboardingWorker.swift in Sources */ = {isa = PBXBuildFile; fileRef = B79795092C7FA43B00A3B591 /* OnboardingWorker.swift */; };
		B79795162C7FA43B00A3B591 /* OnboardingRouter.swift in Sources */ = {isa = PBXBuildFile; fileRef = B797950A2C7FA43B00A3B591 /* OnboardingRouter.swift */; };
		B79795172C7FA43B00A3B591 /* OnboardingEndpoint.swift in Sources */ = {isa = PBXBuildFile; fileRef = B797950B2C7FA43B00A3B591 /* OnboardingEndpoint.swift */; };
		B79795182C7FA43B00A3B591 /* OnboardingModels.swift in Sources */ = {isa = PBXBuildFile; fileRef = B797950C2C7FA43B00A3B591 /* OnboardingModels.swift */; };
		B79795192C7FA43B00A3B591 /* OnboardingViewController.swift in Sources */ = {isa = PBXBuildFile; fileRef = B797950D2C7FA43B00A3B591 /* OnboardingViewController.swift */; };
		B797951A2C7FA43B00A3B591 /* OnboardingInteractor.swift in Sources */ = {isa = PBXBuildFile; fileRef = B797950E2C7FA43B00A3B591 /* OnboardingInteractor.swift */; };
		B797951B2C7FA43B00A3B591 /* OnboardingLogger.swift in Sources */ = {isa = PBXBuildFile; fileRef = B797950F2C7FA43B00A3B591 /* OnboardingLogger.swift */; };
		B797951C2C7FA43B00A3B591 /* OnboardingViewController.xib in Resources */ = {isa = PBXBuildFile; fileRef = B79795102C7FA43B00A3B591 /* OnboardingViewController.xib */; };
		B797951D2C7FA43B00A3B591 /* OnboardingService.swift in Sources */ = {isa = PBXBuildFile; fileRef = B79795112C7FA43B00A3B591 /* OnboardingService.swift */; };
		B797951E2C7FA43B00A3B591 /* OnboardingDependencyContainer.swift in Sources */ = {isa = PBXBuildFile; fileRef = B79795122C7FA43B00A3B591 /* OnboardingDependencyContainer.swift */; };
		B797953D2C7FA80A00A3B591 /* Montserrat-VariableFont_wght.ttf in Resources */ = {isa = PBXBuildFile; fileRef = B79795262C7FA80A00A3B591 /* Montserrat-VariableFont_wght.ttf */; };
		B797953E2C7FA80A00A3B591 /* Montserrat-Italic-VariableFont_wght.ttf in Resources */ = {isa = PBXBuildFile; fileRef = B79795272C7FA80A00A3B591 /* Montserrat-Italic-VariableFont_wght.ttf */; };
		B797953F2C7FA80A00A3B591 /* Montserrat-LightItalic.ttf in Resources */ = {isa = PBXBuildFile; fileRef = B79795292C7FA80A00A3B591 /* Montserrat-LightItalic.ttf */; };
		B79795402C7FA80A00A3B591 /* Montserrat-Medium.ttf in Resources */ = {isa = PBXBuildFile; fileRef = B797952A2C7FA80A00A3B591 /* Montserrat-Medium.ttf */; };
		B79795412C7FA80A00A3B591 /* Montserrat-BoldItalic.ttf in Resources */ = {isa = PBXBuildFile; fileRef = B797952B2C7FA80A00A3B591 /* Montserrat-BoldItalic.ttf */; };
		B79795422C7FA80A00A3B591 /* Montserrat-Light.ttf in Resources */ = {isa = PBXBuildFile; fileRef = B797952C2C7FA80A00A3B591 /* Montserrat-Light.ttf */; };
		B79795432C7FA80A00A3B591 /* Montserrat-ThinItalic.ttf in Resources */ = {isa = PBXBuildFile; fileRef = B797952D2C7FA80A00A3B591 /* Montserrat-ThinItalic.ttf */; };
		B79795442C7FA80A00A3B591 /* Montserrat-ExtraLight.ttf in Resources */ = {isa = PBXBuildFile; fileRef = B797952E2C7FA80A00A3B591 /* Montserrat-ExtraLight.ttf */; };
		B79795452C7FA80A00A3B591 /* Montserrat-Thin.ttf in Resources */ = {isa = PBXBuildFile; fileRef = B797952F2C7FA80A00A3B591 /* Montserrat-Thin.ttf */; };
		B79795462C7FA80A00A3B591 /* Montserrat-Bold.ttf in Resources */ = {isa = PBXBuildFile; fileRef = B79795302C7FA80A00A3B591 /* Montserrat-Bold.ttf */; };
		B79795472C7FA80A00A3B591 /* Montserrat-MediumItalic.ttf in Resources */ = {isa = PBXBuildFile; fileRef = B79795312C7FA80A00A3B591 /* Montserrat-MediumItalic.ttf */; };
		B79795482C7FA80A00A3B591 /* Montserrat-BlackItalic.ttf in Resources */ = {isa = PBXBuildFile; fileRef = B79795322C7FA80A00A3B591 /* Montserrat-BlackItalic.ttf */; };
		B79795492C7FA80A00A3B591 /* Montserrat-SemiBold.ttf in Resources */ = {isa = PBXBuildFile; fileRef = B79795332C7FA80A00A3B591 /* Montserrat-SemiBold.ttf */; };
		B797954A2C7FA80A00A3B591 /* Montserrat-ExtraLightItalic.ttf in Resources */ = {isa = PBXBuildFile; fileRef = B79795342C7FA80A00A3B591 /* Montserrat-ExtraLightItalic.ttf */; };
		B797954B2C7FA80A00A3B591 /* Montserrat-ExtraBold.ttf in Resources */ = {isa = PBXBuildFile; fileRef = B79795352C7FA80A00A3B591 /* Montserrat-ExtraBold.ttf */; };
		B797954C2C7FA80A00A3B591 /* Montserrat-Black.ttf in Resources */ = {isa = PBXBuildFile; fileRef = B79795362C7FA80A00A3B591 /* Montserrat-Black.ttf */; };
		B797954D2C7FA80A00A3B591 /* Montserrat-Regular.ttf in Resources */ = {isa = PBXBuildFile; fileRef = B79795372C7FA80A00A3B591 /* Montserrat-Regular.ttf */; };
		B797954E2C7FA80A00A3B591 /* Montserrat-Italic.ttf in Resources */ = {isa = PBXBuildFile; fileRef = B79795382C7FA80A00A3B591 /* Montserrat-Italic.ttf */; };
		B797954F2C7FA80A00A3B591 /* Montserrat-SemiBoldItalic.ttf in Resources */ = {isa = PBXBuildFile; fileRef = B79795392C7FA80A00A3B591 /* Montserrat-SemiBoldItalic.ttf */; };
		B79795502C7FA80A00A3B591 /* Montserrat-ExtraBoldItalic.ttf in Resources */ = {isa = PBXBuildFile; fileRef = B797953A2C7FA80A00A3B591 /* Montserrat-ExtraBoldItalic.ttf */; };
		B79795662C7FAA3100A3B591 /* NetworkInfoModel.swift in Sources */ = {isa = PBXBuildFile; fileRef = B79795572C7FAA3100A3B591 /* NetworkInfoModel.swift */; };
		B79795672C7FAA3100A3B591 /* NWInterface.InterfaceType+Extension.swift in Sources */ = {isa = PBXBuildFile; fileRef = B79795592C7FAA3100A3B591 /* NWInterface.InterfaceType+Extension.swift */; };
		B79795682C7FAA3100A3B591 /* APIHTTPRequestMapper.swift in Sources */ = {isa = PBXBuildFile; fileRef = B797955B2C7FAA3100A3B591 /* APIHTTPRequestMapper.swift */; };
		B79795692C7FAA3100A3B591 /* ErrorMapper.swift in Sources */ = {isa = PBXBuildFile; fileRef = B797955C2C7FAA3100A3B591 /* ErrorMapper.swift */; };
		B797956A2C7FAA3100A3B591 /* NetworkManager.swift in Sources */ = {isa = PBXBuildFile; fileRef = B797955D2C7FAA3100A3B591 /* NetworkManager.swift */; };
		B797956B2C7FAA3100A3B591 /* HTTPMethod.swift in Sources */ = {isa = PBXBuildFile; fileRef = B797955E2C7FAA3100A3B591 /* HTTPMethod.swift */; };
		B797956C2C7FAA3100A3B591 /* HTTPClient.swift in Sources */ = {isa = PBXBuildFile; fileRef = B797955F2C7FAA3100A3B591 /* HTTPClient.swift */; };
		B797956D2C7FAA3100A3B591 /* NetworkLogger.swift in Sources */ = {isa = PBXBuildFile; fileRef = B79795602C7FAA3100A3B591 /* NetworkLogger.swift */; };
		B797956E2C7FAA3100A3B591 /* NetworkError.swift in Sources */ = {isa = PBXBuildFile; fileRef = B79795612C7FAA3100A3B591 /* NetworkError.swift */; };
		B797956F2C7FAA3100A3B591 /* EndPoint.swift in Sources */ = {isa = PBXBuildFile; fileRef = B79795622C7FAA3100A3B591 /* EndPoint.swift */; };
		B79795702C7FAA3100A3B591 /* NetworkInterfaceType.swift in Sources */ = {isa = PBXBuildFile; fileRef = B79795642C7FAA3100A3B591 /* NetworkInterfaceType.swift */; };
		B79795712C7FAA3100A3B591 /* NetworkMonitor.swift in Sources */ = {isa = PBXBuildFile; fileRef = B79795652C7FAA3100A3B591 /* NetworkMonitor.swift */; };
		B79795742C7FAC6500A3B591 /* UIFontExtension.swift in Sources */ = {isa = PBXBuildFile; fileRef = B79795732C7FAC6500A3B591 /* UIFontExtension.swift */; };
		B79795762C7FAE3C00A3B591 /* FontInfoTypes.swift in Sources */ = {isa = PBXBuildFile; fileRef = B79795752C7FAE3C00A3B591 /* FontInfoTypes.swift */; };
		B79930002B97A4F800DF40EC /* Seeds.swift in Sources */ = {isa = PBXBuildFile; fileRef = B7992FFF2B97A4F800DF40EC /* Seeds.swift */; };
		B7A6956B2C3DD60700870827 /* ViewDidLoadModifier.swift in Sources */ = {isa = PBXBuildFile; fileRef = B7A6956A2C3DD60700870827 /* ViewDidLoadModifier.swift */; };
		B7A6956D2C3DD63800870827 /* ViewExtension.swift in Sources */ = {isa = PBXBuildFile; fileRef = B7A6956C2C3DD63800870827 /* ViewExtension.swift */; };
		B7B76EFA2B7FC87300D15D67 /* Memory+Helper.swift in Sources */ = {isa = PBXBuildFile; fileRef = B7B76EF92B7FC87300D15D67 /* Memory+Helper.swift */; };
		B7B76EFC2B7FCC6000D15D67 /* PersistanceManager.swift in Sources */ = {isa = PBXBuildFile; fileRef = B7B76EFB2B7FCC6000D15D67 /* PersistanceManager.swift */; };
		B7B76EFE2B7FD35400D15D67 /* NSPredicateExtension.swift in Sources */ = {isa = PBXBuildFile; fileRef = B7B76EFD2B7FD35400D15D67 /* NSPredicateExtension.swift */; };
		B7C4ED6D2C3C54A100A16490 /* MemoryPreviewView.swift in Sources */ = {isa = PBXBuildFile; fileRef = B7C4ED6C2C3C54A100A16490 /* MemoryPreviewView.swift */; };
		B7C4ED6F2C3C566C00A16490 /* MemoryPreviewInteractor.swift in Sources */ = {isa = PBXBuildFile; fileRef = B7C4ED6E2C3C566C00A16490 /* MemoryPreviewInteractor.swift */; };
		B7C4ED712C3C569400A16490 /* MemoryPreviewPresenter.swift in Sources */ = {isa = PBXBuildFile; fileRef = B7C4ED702C3C569400A16490 /* MemoryPreviewPresenter.swift */; };
		B7C4ED752C3C579000A16490 /* MemoryPreviewModels.swift in Sources */ = {isa = PBXBuildFile; fileRef = B7C4ED742C3C579000A16490 /* MemoryPreviewModels.swift */; };
		B7C4ED792C3C585300A16490 /* MemoryPreviewFactory.swift in Sources */ = {isa = PBXBuildFile; fileRef = B7C4ED782C3C585300A16490 /* MemoryPreviewFactory.swift */; };
		B7C4ED7B2C3C592300A16490 /* MemoryPreviewEndpoint.swift in Sources */ = {isa = PBXBuildFile; fileRef = B7C4ED7A2C3C592300A16490 /* MemoryPreviewEndpoint.swift */; };
		B7C4ED7D2C3C594600A16490 /* MemoryPreviewService.swift in Sources */ = {isa = PBXBuildFile; fileRef = B7C4ED7C2C3C594600A16490 /* MemoryPreviewService.swift */; };
		B7C4ED7F2C3C596D00A16490 /* MemoryPreviewLogger.swift in Sources */ = {isa = PBXBuildFile; fileRef = B7C4ED7E2C3C596D00A16490 /* MemoryPreviewLogger.swift */; };
		B7C4ED812C3C5A3300A16490 /* MemoryPreviewWorker.swift in Sources */ = {isa = PBXBuildFile; fileRef = B7C4ED802C3C5A3300A16490 /* MemoryPreviewWorker.swift */; };
		B7D9571A2B7BDA8F00AC33D1 /* MemoryDetailsFactory.swift in Sources */ = {isa = PBXBuildFile; fileRef = B7D9570E2B7BDA8F00AC33D1 /* MemoryDetailsFactory.swift */; };
		B7D9571B2B7BDA8F00AC33D1 /* MemoryDetailsPresenter.swift in Sources */ = {isa = PBXBuildFile; fileRef = B7D9570F2B7BDA8F00AC33D1 /* MemoryDetailsPresenter.swift */; };
		B7D9571C2B7BDA8F00AC33D1 /* MemoryDetailsWorker.swift in Sources */ = {isa = PBXBuildFile; fileRef = B7D957102B7BDA8F00AC33D1 /* MemoryDetailsWorker.swift */; };
		B7D9571D2B7BDA8F00AC33D1 /* MemoryDetailsRouter.swift in Sources */ = {isa = PBXBuildFile; fileRef = B7D957112B7BDA8F00AC33D1 /* MemoryDetailsRouter.swift */; };
		B7D9571E2B7BDA8F00AC33D1 /* MemoryDetailsEndpoint.swift in Sources */ = {isa = PBXBuildFile; fileRef = B7D957122B7BDA8F00AC33D1 /* MemoryDetailsEndpoint.swift */; };
		B7D9571F2B7BDA8F00AC33D1 /* MemoryDetailsModels.swift in Sources */ = {isa = PBXBuildFile; fileRef = B7D957132B7BDA8F00AC33D1 /* MemoryDetailsModels.swift */; };
		B7D957202B7BDA8F00AC33D1 /* MemoryDetailsViewController.swift in Sources */ = {isa = PBXBuildFile; fileRef = B7D957142B7BDA8F00AC33D1 /* MemoryDetailsViewController.swift */; };
		B7D957212B7BDA8F00AC33D1 /* MemoryDetailsInteractor.swift in Sources */ = {isa = PBXBuildFile; fileRef = B7D957152B7BDA8F00AC33D1 /* MemoryDetailsInteractor.swift */; };
		B7D957222B7BDA8F00AC33D1 /* MemoryDetailsLogger.swift in Sources */ = {isa = PBXBuildFile; fileRef = B7D957162B7BDA8F00AC33D1 /* MemoryDetailsLogger.swift */; };
		B7D957232B7BDA8F00AC33D1 /* MemoryDetailsViewController.xib in Resources */ = {isa = PBXBuildFile; fileRef = B7D957172B7BDA8F00AC33D1 /* MemoryDetailsViewController.xib */; };
		B7D957242B7BDA8F00AC33D1 /* MemoryDetailsService.swift in Sources */ = {isa = PBXBuildFile; fileRef = B7D957182B7BDA8F00AC33D1 /* MemoryDetailsService.swift */; };
		B7D9572E2B7BE9AD00AC33D1 /* UITextFieldExtension.swift in Sources */ = {isa = PBXBuildFile; fileRef = B7D9572D2B7BE9AD00AC33D1 /* UITextFieldExtension.swift */; };
		B7EEBE942B81435300D85DA5 /* MemoryDetailsFileWorker.swift in Sources */ = {isa = PBXBuildFile; fileRef = B7EEBE932B81435300D85DA5 /* MemoryDetailsFileWorker.swift */; };
		B7F2756D2B8B162400B245B2 /* DashboardFileWorker.swift in Sources */ = {isa = PBXBuildFile; fileRef = B7F2756C2B8B162400B245B2 /* DashboardFileWorker.swift */; };
		B7F40F992B7A8EC200EDA856 /* AnnotaionInfoModel.swift in Sources */ = {isa = PBXBuildFile; fileRef = B7F40F982B7A8EC200EDA856 /* AnnotaionInfoModel.swift */; };
		B7F40F9B2B7A8F4100EDA856 /* Location.swift in Sources */ = {isa = PBXBuildFile; fileRef = B7F40F9A2B7A8F4100EDA856 /* Location.swift */; };
/* End PBXBuildFile section */

/* Begin PBXContainerItemProxy section */
		B794E0CB2B768D84009E5697 /* PBXContainerItemProxy */ = {
			isa = PBXContainerItemProxy;
			containerPortal = B794E0A92B768D83009E5697 /* Project object */;
			proxyType = 1;
			remoteGlobalIDString = B794E0B02B768D83009E5697;
			remoteInfo = CuteFondMemories;
		};
		B794E0D52B768D84009E5697 /* PBXContainerItemProxy */ = {
			isa = PBXContainerItemProxy;
			containerPortal = B794E0A92B768D83009E5697 /* Project object */;
			proxyType = 1;
			remoteGlobalIDString = B794E0B02B768D83009E5697;
			remoteInfo = CuteFondMemories;
		};
/* End PBXContainerItemProxy section */

/* Begin PBXFileReference section */
		B704D1162B88FA0900492B10 /* XCTestCase+Extension.swift */ = {isa = PBXFileReference; lastKnownFileType = sourcecode.swift; path = "XCTestCase+Extension.swift"; sourceTree = "<group>"; };
		B704D1182B890B8300492B10 /* DateExtension.swift */ = {isa = PBXFileReference; lastKnownFileType = sourcecode.swift; path = DateExtension.swift; sourceTree = "<group>"; };
		B71615132B78AE01008E7FB8 /* DashboardFactory.swift */ = {isa = PBXFileReference; lastKnownFileType = sourcecode.swift; path = DashboardFactory.swift; sourceTree = "<group>"; };
		B71615142B78AE01008E7FB8 /* DashboardPresenter.swift */ = {isa = PBXFileReference; lastKnownFileType = sourcecode.swift; path = DashboardPresenter.swift; sourceTree = "<group>"; };
		B71615152B78AE01008E7FB8 /* DashboardWorker.swift */ = {isa = PBXFileReference; lastKnownFileType = sourcecode.swift; path = DashboardWorker.swift; sourceTree = "<group>"; };
		B71615162B78AE01008E7FB8 /* DashboardRouter.swift */ = {isa = PBXFileReference; lastKnownFileType = sourcecode.swift; path = DashboardRouter.swift; sourceTree = "<group>"; };
		B71615172B78AE01008E7FB8 /* DashboardEndpoint.swift */ = {isa = PBXFileReference; lastKnownFileType = sourcecode.swift; path = DashboardEndpoint.swift; sourceTree = "<group>"; };
		B71615182B78AE01008E7FB8 /* DashboardModels.swift */ = {isa = PBXFileReference; lastKnownFileType = sourcecode.swift; path = DashboardModels.swift; sourceTree = "<group>"; };
		B71615192B78AE01008E7FB8 /* DashboardViewController.swift */ = {isa = PBXFileReference; lastKnownFileType = sourcecode.swift; path = DashboardViewController.swift; sourceTree = "<group>"; };
		B716151A2B78AE01008E7FB8 /* DashboardInteractor.swift */ = {isa = PBXFileReference; lastKnownFileType = sourcecode.swift; path = DashboardInteractor.swift; sourceTree = "<group>"; };
		B716151B2B78AE01008E7FB8 /* DashboardLogger.swift */ = {isa = PBXFileReference; lastKnownFileType = sourcecode.swift; path = DashboardLogger.swift; sourceTree = "<group>"; };
		B716151C2B78AE01008E7FB8 /* DashboardViewController.xib */ = {isa = PBXFileReference; lastKnownFileType = file.xib; path = DashboardViewController.xib; sourceTree = "<group>"; };
		B716151D2B78AE01008E7FB8 /* DashboardService.swift */ = {isa = PBXFileReference; lastKnownFileType = sourcecode.swift; path = DashboardService.swift; sourceTree = "<group>"; };
		B71615322B78B38F008E7FB8 /* XibLoadableExtension.swift */ = {isa = PBXFileReference; lastKnownFileType = sourcecode.swift; path = XibLoadableExtension.swift; sourceTree = "<group>"; };
		B71B791A2C0E3A130036DC6E /* MainTabBarFactory.swift */ = {isa = PBXFileReference; lastKnownFileType = sourcecode.swift; path = MainTabBarFactory.swift; sourceTree = "<group>"; };
		B71B791B2C0E3A130036DC6E /* MainTabBarPresenter.swift */ = {isa = PBXFileReference; lastKnownFileType = sourcecode.swift; path = MainTabBarPresenter.swift; sourceTree = "<group>"; };
		B71B791C2C0E3A130036DC6E /* MainTabBarWorker.swift */ = {isa = PBXFileReference; lastKnownFileType = sourcecode.swift; path = MainTabBarWorker.swift; sourceTree = "<group>"; };
		B71B791D2C0E3A130036DC6E /* MainTabBarRouter.swift */ = {isa = PBXFileReference; lastKnownFileType = sourcecode.swift; path = MainTabBarRouter.swift; sourceTree = "<group>"; };
		B71B791F2C0E3A130036DC6E /* MainTabBarModels.swift */ = {isa = PBXFileReference; lastKnownFileType = sourcecode.swift; path = MainTabBarModels.swift; sourceTree = "<group>"; };
		B71B79202C0E3A130036DC6E /* MainTabBarViewController.swift */ = {isa = PBXFileReference; lastKnownFileType = sourcecode.swift; path = MainTabBarViewController.swift; sourceTree = "<group>"; };
		B71B79212C0E3A130036DC6E /* MainTabBarInteractor.swift */ = {isa = PBXFileReference; lastKnownFileType = sourcecode.swift; path = MainTabBarInteractor.swift; sourceTree = "<group>"; };
		B71B79222C0E3A130036DC6E /* MainTabBarLogger.swift */ = {isa = PBXFileReference; lastKnownFileType = sourcecode.swift; path = MainTabBarLogger.swift; sourceTree = "<group>"; };
		B71B79232C0E3A130036DC6E /* MainTabBarViewController.xib */ = {isa = PBXFileReference; lastKnownFileType = file.xib; path = MainTabBarViewController.xib; sourceTree = "<group>"; };
		B71B79392C0E442C0036DC6E /* SettingFactory.swift */ = {isa = PBXFileReference; lastKnownFileType = sourcecode.swift; path = SettingFactory.swift; sourceTree = "<group>"; };
		B71B793A2C0E442C0036DC6E /* SettingPresenter.swift */ = {isa = PBXFileReference; lastKnownFileType = sourcecode.swift; path = SettingPresenter.swift; sourceTree = "<group>"; };
		B71B793B2C0E442C0036DC6E /* SettingWorker.swift */ = {isa = PBXFileReference; lastKnownFileType = sourcecode.swift; path = SettingWorker.swift; sourceTree = "<group>"; };
		B71B793C2C0E442C0036DC6E /* SettingRouter.swift */ = {isa = PBXFileReference; lastKnownFileType = sourcecode.swift; path = SettingRouter.swift; sourceTree = "<group>"; };
		B71B793D2C0E442C0036DC6E /* SettingEndpoint.swift */ = {isa = PBXFileReference; lastKnownFileType = sourcecode.swift; path = SettingEndpoint.swift; sourceTree = "<group>"; };
		B71B793E2C0E442C0036DC6E /* SettingModels.swift */ = {isa = PBXFileReference; lastKnownFileType = sourcecode.swift; path = SettingModels.swift; sourceTree = "<group>"; };
		B71B793F2C0E442C0036DC6E /* SettingViewController.swift */ = {isa = PBXFileReference; lastKnownFileType = sourcecode.swift; path = SettingViewController.swift; sourceTree = "<group>"; };
		B71B79402C0E442C0036DC6E /* SettingInteractor.swift */ = {isa = PBXFileReference; lastKnownFileType = sourcecode.swift; path = SettingInteractor.swift; sourceTree = "<group>"; };
		B71B79412C0E442C0036DC6E /* SettingLogger.swift */ = {isa = PBXFileReference; lastKnownFileType = sourcecode.swift; path = SettingLogger.swift; sourceTree = "<group>"; };
		B71B79422C0E442C0036DC6E /* SettingViewController.xib */ = {isa = PBXFileReference; lastKnownFileType = file.xib; path = SettingViewController.xib; sourceTree = "<group>"; };
		B71B79432C0E442C0036DC6E /* SettingService.swift */ = {isa = PBXFileReference; lastKnownFileType = sourcecode.swift; path = SettingService.swift; sourceTree = "<group>"; };
		B724F4F82B77ED8D003BEB03 /* LocationService.swift */ = {isa = PBXFileReference; lastKnownFileType = sourcecode.swift; path = LocationService.swift; sourceTree = "<group>"; };
		B724F4FA2B77EF97003BEB03 /* CLLocationManagerProtocol.swift */ = {isa = PBXFileReference; lastKnownFileType = sourcecode.swift; path = CLLocationManagerProtocol.swift; sourceTree = "<group>"; };
		B7276BF72B86729400E00D3D /* DashboardInteractorTests.swift */ = {isa = PBXFileReference; lastKnownFileType = sourcecode.swift; path = DashboardInteractorTests.swift; sourceTree = "<group>"; };
		B74684C62B7CA1E8001CA9DC /* UITextViewExtension.swift */ = {isa = PBXFileReference; lastKnownFileType = sourcecode.swift; path = UITextViewExtension.swift; sourceTree = "<group>"; };
		B74684C82B7CA82F001CA9DC /* UIViewExtension.swift */ = {isa = PBXFileReference; lastKnownFileType = sourcecode.swift; path = UIViewExtension.swift; sourceTree = "<group>"; };
		B755BF962B9100D3002BFC7E /* UIViewControllerExtension.swift */ = {isa = PBXFileReference; lastKnownFileType = sourcecode.swift; path = UIViewControllerExtension.swift; sourceTree = "<group>"; };
		B755BF9B2B91033F002BFC7E /* en */ = {isa = PBXFileReference; lastKnownFileType = text.plist.strings; name = en; path = en.lproj/Localizable.strings; sourceTree = "<group>"; };
		B755BF9D2B910439002BFC7E /* StringExtension.swift */ = {isa = PBXFileReference; lastKnownFileType = sourcecode.swift; path = StringExtension.swift; sourceTree = "<group>"; };
		B794E0B12B768D83009E5697 /* CuteFondMemories.app */ = {isa = PBXFileReference; explicitFileType = wrapper.application; includeInIndex = 0; path = CuteFondMemories.app; sourceTree = BUILT_PRODUCTS_DIR; };
		B794E0B42B768D83009E5697 /* AppDelegate.swift */ = {isa = PBXFileReference; lastKnownFileType = sourcecode.swift; path = AppDelegate.swift; sourceTree = "<group>"; };
		B794E0B62B768D83009E5697 /* SceneDelegate.swift */ = {isa = PBXFileReference; lastKnownFileType = sourcecode.swift; path = SceneDelegate.swift; sourceTree = "<group>"; };
		B794E0BE2B768D83009E5697 /* CuteFondMemories.xcdatamodel */ = {isa = PBXFileReference; lastKnownFileType = wrapper.xcdatamodel; path = CuteFondMemories.xcdatamodel; sourceTree = "<group>"; };
		B794E0C02B768D84009E5697 /* Assets.xcassets */ = {isa = PBXFileReference; lastKnownFileType = folder.assetcatalog; path = Assets.xcassets; sourceTree = "<group>"; };
		B794E0C32B768D84009E5697 /* Base */ = {isa = PBXFileReference; lastKnownFileType = file.storyboard; name = Base; path = Base.lproj/LaunchScreen.storyboard; sourceTree = "<group>"; };
		B794E0C52B768D84009E5697 /* Info.plist */ = {isa = PBXFileReference; lastKnownFileType = text.plist.xml; path = Info.plist; sourceTree = "<group>"; };
		B794E0CA2B768D84009E5697 /* CuteFondMemoriesTests.xctest */ = {isa = PBXFileReference; explicitFileType = wrapper.cfbundle; includeInIndex = 0; path = CuteFondMemoriesTests.xctest; sourceTree = BUILT_PRODUCTS_DIR; };
		B794E0CE2B768D84009E5697 /* CuteFondMemoriesTests.swift */ = {isa = PBXFileReference; lastKnownFileType = sourcecode.swift; path = CuteFondMemoriesTests.swift; sourceTree = "<group>"; };
		B794E0D42B768D84009E5697 /* CuteFondMemoriesUITests.xctest */ = {isa = PBXFileReference; explicitFileType = wrapper.cfbundle; includeInIndex = 0; path = CuteFondMemoriesUITests.xctest; sourceTree = BUILT_PRODUCTS_DIR; };
		B794E0D82B768D84009E5697 /* CuteFondMemoriesUITests.swift */ = {isa = PBXFileReference; lastKnownFileType = sourcecode.swift; path = CuteFondMemoriesUITests.swift; sourceTree = "<group>"; };
		B794E0DA2B768D84009E5697 /* CuteFondMemoriesUITestsLaunchTests.swift */ = {isa = PBXFileReference; lastKnownFileType = sourcecode.swift; path = CuteFondMemoriesUITestsLaunchTests.swift; sourceTree = "<group>"; };
		B794E0F02B768FC5009E5697 /* StorageManager.swift */ = {isa = PBXFileReference; lastKnownFileType = sourcecode.swift; path = StorageManager.swift; sourceTree = "<group>"; };
		B794E0F22B768FDC009E5697 /* UserDefaultsManager.swift */ = {isa = PBXFileReference; lastKnownFileType = sourcecode.swift; path = UserDefaultsManager.swift; sourceTree = "<group>"; };
		B794E0F52B7690A1009E5697 /* DependencyContainer.swift */ = {isa = PBXFileReference; lastKnownFileType = sourcecode.swift; path = DependencyContainer.swift; sourceTree = "<group>"; };
		B794E0F82B769191009E5697 /* Logger.swift */ = {isa = PBXFileReference; lastKnownFileType = sourcecode.swift; path = Logger.swift; sourceTree = "<group>"; };
		B794E1052B7692EB009E5697 /* Constants.swift */ = {isa = PBXFileReference; lastKnownFileType = sourcecode.swift; path = Constants.swift; sourceTree = "<group>"; };
		B794E1092B76939F009E5697 /* URLResponseExtension.swift */ = {isa = PBXFileReference; lastKnownFileType = sourcecode.swift; path = URLResponseExtension.swift; sourceTree = "<group>"; };
		B79795072C7FA43B00A3B591 /* OnboardingFactory.swift */ = {isa = PBXFileReference; lastKnownFileType = sourcecode.swift; path = OnboardingFactory.swift; sourceTree = "<group>"; };
		B79795082C7FA43B00A3B591 /* OnboardingPresenter.swift */ = {isa = PBXFileReference; lastKnownFileType = sourcecode.swift; path = OnboardingPresenter.swift; sourceTree = "<group>"; };
		B79795092C7FA43B00A3B591 /* OnboardingWorker.swift */ = {isa = PBXFileReference; lastKnownFileType = sourcecode.swift; path = OnboardingWorker.swift; sourceTree = "<group>"; };
		B797950A2C7FA43B00A3B591 /* OnboardingRouter.swift */ = {isa = PBXFileReference; lastKnownFileType = sourcecode.swift; path = OnboardingRouter.swift; sourceTree = "<group>"; };
		B797950B2C7FA43B00A3B591 /* OnboardingEndpoint.swift */ = {isa = PBXFileReference; lastKnownFileType = sourcecode.swift; path = OnboardingEndpoint.swift; sourceTree = "<group>"; };
		B797950C2C7FA43B00A3B591 /* OnboardingModels.swift */ = {isa = PBXFileReference; lastKnownFileType = sourcecode.swift; path = OnboardingModels.swift; sourceTree = "<group>"; };
		B797950D2C7FA43B00A3B591 /* OnboardingViewController.swift */ = {isa = PBXFileReference; lastKnownFileType = sourcecode.swift; path = OnboardingViewController.swift; sourceTree = "<group>"; };
		B797950E2C7FA43B00A3B591 /* OnboardingInteractor.swift */ = {isa = PBXFileReference; lastKnownFileType = sourcecode.swift; path = OnboardingInteractor.swift; sourceTree = "<group>"; };
		B797950F2C7FA43B00A3B591 /* OnboardingLogger.swift */ = {isa = PBXFileReference; lastKnownFileType = sourcecode.swift; path = OnboardingLogger.swift; sourceTree = "<group>"; };
		B79795102C7FA43B00A3B591 /* OnboardingViewController.xib */ = {isa = PBXFileReference; lastKnownFileType = file.xib; path = OnboardingViewController.xib; sourceTree = "<group>"; };
		B79795112C7FA43B00A3B591 /* OnboardingService.swift */ = {isa = PBXFileReference; lastKnownFileType = sourcecode.swift; path = OnboardingService.swift; sourceTree = "<group>"; };
		B79795122C7FA43B00A3B591 /* OnboardingDependencyContainer.swift */ = {isa = PBXFileReference; lastKnownFileType = sourcecode.swift; path = OnboardingDependencyContainer.swift; sourceTree = "<group>"; };
		B79795262C7FA80A00A3B591 /* Montserrat-VariableFont_wght.ttf */ = {isa = PBXFileReference; lastKnownFileType = file; path = "Montserrat-VariableFont_wght.ttf"; sourceTree = "<group>"; };
		B79795272C7FA80A00A3B591 /* Montserrat-Italic-VariableFont_wght.ttf */ = {isa = PBXFileReference; lastKnownFileType = file; path = "Montserrat-Italic-VariableFont_wght.ttf"; sourceTree = "<group>"; };
		B79795292C7FA80A00A3B591 /* Montserrat-LightItalic.ttf */ = {isa = PBXFileReference; lastKnownFileType = file; path = "Montserrat-LightItalic.ttf"; sourceTree = "<group>"; };
		B797952A2C7FA80A00A3B591 /* Montserrat-Medium.ttf */ = {isa = PBXFileReference; lastKnownFileType = file; path = "Montserrat-Medium.ttf"; sourceTree = "<group>"; };
		B797952B2C7FA80A00A3B591 /* Montserrat-BoldItalic.ttf */ = {isa = PBXFileReference; lastKnownFileType = file; path = "Montserrat-BoldItalic.ttf"; sourceTree = "<group>"; };
		B797952C2C7FA80A00A3B591 /* Montserrat-Light.ttf */ = {isa = PBXFileReference; lastKnownFileType = file; path = "Montserrat-Light.ttf"; sourceTree = "<group>"; };
		B797952D2C7FA80A00A3B591 /* Montserrat-ThinItalic.ttf */ = {isa = PBXFileReference; lastKnownFileType = file; path = "Montserrat-ThinItalic.ttf"; sourceTree = "<group>"; };
		B797952E2C7FA80A00A3B591 /* Montserrat-ExtraLight.ttf */ = {isa = PBXFileReference; lastKnownFileType = file; path = "Montserrat-ExtraLight.ttf"; sourceTree = "<group>"; };
		B797952F2C7FA80A00A3B591 /* Montserrat-Thin.ttf */ = {isa = PBXFileReference; lastKnownFileType = file; path = "Montserrat-Thin.ttf"; sourceTree = "<group>"; };
		B79795302C7FA80A00A3B591 /* Montserrat-Bold.ttf */ = {isa = PBXFileReference; lastKnownFileType = file; path = "Montserrat-Bold.ttf"; sourceTree = "<group>"; };
		B79795312C7FA80A00A3B591 /* Montserrat-MediumItalic.ttf */ = {isa = PBXFileReference; lastKnownFileType = file; path = "Montserrat-MediumItalic.ttf"; sourceTree = "<group>"; };
		B79795322C7FA80A00A3B591 /* Montserrat-BlackItalic.ttf */ = {isa = PBXFileReference; lastKnownFileType = file; path = "Montserrat-BlackItalic.ttf"; sourceTree = "<group>"; };
		B79795332C7FA80A00A3B591 /* Montserrat-SemiBold.ttf */ = {isa = PBXFileReference; lastKnownFileType = file; path = "Montserrat-SemiBold.ttf"; sourceTree = "<group>"; };
		B79795342C7FA80A00A3B591 /* Montserrat-ExtraLightItalic.ttf */ = {isa = PBXFileReference; lastKnownFileType = file; path = "Montserrat-ExtraLightItalic.ttf"; sourceTree = "<group>"; };
		B79795352C7FA80A00A3B591 /* Montserrat-ExtraBold.ttf */ = {isa = PBXFileReference; lastKnownFileType = file; path = "Montserrat-ExtraBold.ttf"; sourceTree = "<group>"; };
		B79795362C7FA80A00A3B591 /* Montserrat-Black.ttf */ = {isa = PBXFileReference; lastKnownFileType = file; path = "Montserrat-Black.ttf"; sourceTree = "<group>"; };
		B79795372C7FA80A00A3B591 /* Montserrat-Regular.ttf */ = {isa = PBXFileReference; lastKnownFileType = file; path = "Montserrat-Regular.ttf"; sourceTree = "<group>"; };
		B79795382C7FA80A00A3B591 /* Montserrat-Italic.ttf */ = {isa = PBXFileReference; lastKnownFileType = file; path = "Montserrat-Italic.ttf"; sourceTree = "<group>"; };
		B79795392C7FA80A00A3B591 /* Montserrat-SemiBoldItalic.ttf */ = {isa = PBXFileReference; lastKnownFileType = file; path = "Montserrat-SemiBoldItalic.ttf"; sourceTree = "<group>"; };
		B797953A2C7FA80A00A3B591 /* Montserrat-ExtraBoldItalic.ttf */ = {isa = PBXFileReference; lastKnownFileType = file; path = "Montserrat-ExtraBoldItalic.ttf"; sourceTree = "<group>"; };
		B79795572C7FAA3100A3B591 /* NetworkInfoModel.swift */ = {isa = PBXFileReference; fileEncoding = 4; lastKnownFileType = sourcecode.swift; path = NetworkInfoModel.swift; sourceTree = "<group>"; };
		B79795592C7FAA3100A3B591 /* NWInterface.InterfaceType+Extension.swift */ = {isa = PBXFileReference; fileEncoding = 4; lastKnownFileType = sourcecode.swift; path = "NWInterface.InterfaceType+Extension.swift"; sourceTree = "<group>"; };
		B797955B2C7FAA3100A3B591 /* APIHTTPRequestMapper.swift */ = {isa = PBXFileReference; fileEncoding = 4; lastKnownFileType = sourcecode.swift; path = APIHTTPRequestMapper.swift; sourceTree = "<group>"; };
		B797955C2C7FAA3100A3B591 /* ErrorMapper.swift */ = {isa = PBXFileReference; fileEncoding = 4; lastKnownFileType = sourcecode.swift; path = ErrorMapper.swift; sourceTree = "<group>"; };
		B797955D2C7FAA3100A3B591 /* NetworkManager.swift */ = {isa = PBXFileReference; fileEncoding = 4; lastKnownFileType = sourcecode.swift; path = NetworkManager.swift; sourceTree = "<group>"; };
		B797955E2C7FAA3100A3B591 /* HTTPMethod.swift */ = {isa = PBXFileReference; fileEncoding = 4; lastKnownFileType = sourcecode.swift; path = HTTPMethod.swift; sourceTree = "<group>"; };
		B797955F2C7FAA3100A3B591 /* HTTPClient.swift */ = {isa = PBXFileReference; fileEncoding = 4; lastKnownFileType = sourcecode.swift; path = HTTPClient.swift; sourceTree = "<group>"; };
		B79795602C7FAA3100A3B591 /* NetworkLogger.swift */ = {isa = PBXFileReference; fileEncoding = 4; lastKnownFileType = sourcecode.swift; path = NetworkLogger.swift; sourceTree = "<group>"; };
		B79795612C7FAA3100A3B591 /* NetworkError.swift */ = {isa = PBXFileReference; fileEncoding = 4; lastKnownFileType = sourcecode.swift; path = NetworkError.swift; sourceTree = "<group>"; };
		B79795622C7FAA3100A3B591 /* EndPoint.swift */ = {isa = PBXFileReference; fileEncoding = 4; lastKnownFileType = sourcecode.swift; path = EndPoint.swift; sourceTree = "<group>"; };
		B79795642C7FAA3100A3B591 /* NetworkInterfaceType.swift */ = {isa = PBXFileReference; fileEncoding = 4; lastKnownFileType = sourcecode.swift; path = NetworkInterfaceType.swift; sourceTree = "<group>"; };
		B79795652C7FAA3100A3B591 /* NetworkMonitor.swift */ = {isa = PBXFileReference; fileEncoding = 4; lastKnownFileType = sourcecode.swift; path = NetworkMonitor.swift; sourceTree = "<group>"; };
		B79795732C7FAC6500A3B591 /* UIFontExtension.swift */ = {isa = PBXFileReference; lastKnownFileType = sourcecode.swift; path = UIFontExtension.swift; sourceTree = "<group>"; };
		B79795752C7FAE3C00A3B591 /* FontInfoTypes.swift */ = {isa = PBXFileReference; lastKnownFileType = sourcecode.swift; path = FontInfoTypes.swift; sourceTree = "<group>"; };
		B7992FFF2B97A4F800DF40EC /* Seeds.swift */ = {isa = PBXFileReference; lastKnownFileType = sourcecode.swift; path = Seeds.swift; sourceTree = "<group>"; };
		B7A6956A2C3DD60700870827 /* ViewDidLoadModifier.swift */ = {isa = PBXFileReference; lastKnownFileType = sourcecode.swift; path = ViewDidLoadModifier.swift; sourceTree = "<group>"; };
		B7A6956C2C3DD63800870827 /* ViewExtension.swift */ = {isa = PBXFileReference; lastKnownFileType = sourcecode.swift; path = ViewExtension.swift; sourceTree = "<group>"; };
		B7B76EF92B7FC87300D15D67 /* Memory+Helper.swift */ = {isa = PBXFileReference; lastKnownFileType = sourcecode.swift; path = "Memory+Helper.swift"; sourceTree = "<group>"; };
		B7B76EFB2B7FCC6000D15D67 /* PersistanceManager.swift */ = {isa = PBXFileReference; lastKnownFileType = sourcecode.swift; path = PersistanceManager.swift; sourceTree = "<group>"; };
		B7B76EFD2B7FD35400D15D67 /* NSPredicateExtension.swift */ = {isa = PBXFileReference; lastKnownFileType = sourcecode.swift; path = NSPredicateExtension.swift; sourceTree = "<group>"; };
		B7C4ED6C2C3C54A100A16490 /* MemoryPreviewView.swift */ = {isa = PBXFileReference; lastKnownFileType = sourcecode.swift; path = MemoryPreviewView.swift; sourceTree = "<group>"; };
		B7C4ED6E2C3C566C00A16490 /* MemoryPreviewInteractor.swift */ = {isa = PBXFileReference; lastKnownFileType = sourcecode.swift; path = MemoryPreviewInteractor.swift; sourceTree = "<group>"; };
		B7C4ED702C3C569400A16490 /* MemoryPreviewPresenter.swift */ = {isa = PBXFileReference; lastKnownFileType = sourcecode.swift; path = MemoryPreviewPresenter.swift; sourceTree = "<group>"; };
		B7C4ED742C3C579000A16490 /* MemoryPreviewModels.swift */ = {isa = PBXFileReference; lastKnownFileType = sourcecode.swift; path = MemoryPreviewModels.swift; sourceTree = "<group>"; };
		B7C4ED782C3C585300A16490 /* MemoryPreviewFactory.swift */ = {isa = PBXFileReference; lastKnownFileType = sourcecode.swift; path = MemoryPreviewFactory.swift; sourceTree = "<group>"; };
		B7C4ED7A2C3C592300A16490 /* MemoryPreviewEndpoint.swift */ = {isa = PBXFileReference; lastKnownFileType = sourcecode.swift; path = MemoryPreviewEndpoint.swift; sourceTree = "<group>"; };
		B7C4ED7C2C3C594600A16490 /* MemoryPreviewService.swift */ = {isa = PBXFileReference; lastKnownFileType = sourcecode.swift; path = MemoryPreviewService.swift; sourceTree = "<group>"; };
		B7C4ED7E2C3C596D00A16490 /* MemoryPreviewLogger.swift */ = {isa = PBXFileReference; lastKnownFileType = sourcecode.swift; path = MemoryPreviewLogger.swift; sourceTree = "<group>"; };
		B7C4ED802C3C5A3300A16490 /* MemoryPreviewWorker.swift */ = {isa = PBXFileReference; lastKnownFileType = sourcecode.swift; path = MemoryPreviewWorker.swift; sourceTree = "<group>"; };
		B7D9570E2B7BDA8F00AC33D1 /* MemoryDetailsFactory.swift */ = {isa = PBXFileReference; lastKnownFileType = sourcecode.swift; path = MemoryDetailsFactory.swift; sourceTree = "<group>"; };
		B7D9570F2B7BDA8F00AC33D1 /* MemoryDetailsPresenter.swift */ = {isa = PBXFileReference; lastKnownFileType = sourcecode.swift; path = MemoryDetailsPresenter.swift; sourceTree = "<group>"; };
		B7D957102B7BDA8F00AC33D1 /* MemoryDetailsWorker.swift */ = {isa = PBXFileReference; lastKnownFileType = sourcecode.swift; path = MemoryDetailsWorker.swift; sourceTree = "<group>"; };
		B7D957112B7BDA8F00AC33D1 /* MemoryDetailsRouter.swift */ = {isa = PBXFileReference; lastKnownFileType = sourcecode.swift; path = MemoryDetailsRouter.swift; sourceTree = "<group>"; };
		B7D957122B7BDA8F00AC33D1 /* MemoryDetailsEndpoint.swift */ = {isa = PBXFileReference; lastKnownFileType = sourcecode.swift; path = MemoryDetailsEndpoint.swift; sourceTree = "<group>"; };
		B7D957132B7BDA8F00AC33D1 /* MemoryDetailsModels.swift */ = {isa = PBXFileReference; lastKnownFileType = sourcecode.swift; path = MemoryDetailsModels.swift; sourceTree = "<group>"; };
		B7D957142B7BDA8F00AC33D1 /* MemoryDetailsViewController.swift */ = {isa = PBXFileReference; lastKnownFileType = sourcecode.swift; path = MemoryDetailsViewController.swift; sourceTree = "<group>"; };
		B7D957152B7BDA8F00AC33D1 /* MemoryDetailsInteractor.swift */ = {isa = PBXFileReference; lastKnownFileType = sourcecode.swift; path = MemoryDetailsInteractor.swift; sourceTree = "<group>"; };
		B7D957162B7BDA8F00AC33D1 /* MemoryDetailsLogger.swift */ = {isa = PBXFileReference; lastKnownFileType = sourcecode.swift; path = MemoryDetailsLogger.swift; sourceTree = "<group>"; };
		B7D957172B7BDA8F00AC33D1 /* MemoryDetailsViewController.xib */ = {isa = PBXFileReference; lastKnownFileType = file.xib; path = MemoryDetailsViewController.xib; sourceTree = "<group>"; };
		B7D957182B7BDA8F00AC33D1 /* MemoryDetailsService.swift */ = {isa = PBXFileReference; lastKnownFileType = sourcecode.swift; path = MemoryDetailsService.swift; sourceTree = "<group>"; };
		B7D9572D2B7BE9AD00AC33D1 /* UITextFieldExtension.swift */ = {isa = PBXFileReference; lastKnownFileType = sourcecode.swift; path = UITextFieldExtension.swift; sourceTree = "<group>"; };
		B7EEBE932B81435300D85DA5 /* MemoryDetailsFileWorker.swift */ = {isa = PBXFileReference; lastKnownFileType = sourcecode.swift; path = MemoryDetailsFileWorker.swift; sourceTree = "<group>"; };
		B7F2756C2B8B162400B245B2 /* DashboardFileWorker.swift */ = {isa = PBXFileReference; lastKnownFileType = sourcecode.swift; path = DashboardFileWorker.swift; sourceTree = "<group>"; };
		B7F40F982B7A8EC200EDA856 /* AnnotaionInfoModel.swift */ = {isa = PBXFileReference; lastKnownFileType = sourcecode.swift; path = AnnotaionInfoModel.swift; sourceTree = "<group>"; };
		B7F40F9A2B7A8F4100EDA856 /* Location.swift */ = {isa = PBXFileReference; lastKnownFileType = sourcecode.swift; path = Location.swift; sourceTree = "<group>"; };
/* End PBXFileReference section */

/* Begin PBXFrameworksBuildPhase section */
		B794E0AE2B768D83009E5697 /* Frameworks */ = {
			isa = PBXFrameworksBuildPhase;
			buildActionMask = 2147483647;
			files = (
			);
			runOnlyForDeploymentPostprocessing = 0;
		};
		B794E0C72B768D84009E5697 /* Frameworks */ = {
			isa = PBXFrameworksBuildPhase;
			buildActionMask = 2147483647;
			files = (
			);
			runOnlyForDeploymentPostprocessing = 0;
		};
		B794E0D12B768D84009E5697 /* Frameworks */ = {
			isa = PBXFrameworksBuildPhase;
			buildActionMask = 2147483647;
			files = (
			);
			runOnlyForDeploymentPostprocessing = 0;
		};
/* End PBXFrameworksBuildPhase section */

/* Begin PBXGroup section */
		B71615122B78ADA6008E7FB8 /* Dashboard */ = {
			isa = PBXGroup;
			children = (
				B716151B2B78AE01008E7FB8 /* DashboardLogger.swift */,
				B716152E2B78AFE2008E7FB8 /* Factory */,
				B716152F2B78AFF1008E7FB8 /* Interactor+Presenter */,
				B71615302B78B12F008E7FB8 /* Model */,
				B71615312B78B139008E7FB8 /* Router */,
				B716152C2B78AFCE008E7FB8 /* Services */,
				B716152B2B78AFC6008E7FB8 /* Views */,
				B716152D2B78AFD9008E7FB8 /* Workers */,
			);
			path = Dashboard;
			sourceTree = "<group>";
		};
		B716152B2B78AFC6008E7FB8 /* Views */ = {
			isa = PBXGroup;
			children = (
				B71615192B78AE01008E7FB8 /* DashboardViewController.swift */,
				B716151C2B78AE01008E7FB8 /* DashboardViewController.xib */,
			);
			path = Views;
			sourceTree = "<group>";
		};
		B716152C2B78AFCE008E7FB8 /* Services */ = {
			isa = PBXGroup;
			children = (
				B71615172B78AE01008E7FB8 /* DashboardEndpoint.swift */,
				B716151D2B78AE01008E7FB8 /* DashboardService.swift */,
			);
			path = Services;
			sourceTree = "<group>";
		};
		B716152D2B78AFD9008E7FB8 /* Workers */ = {
			isa = PBXGroup;
			children = (
				B7F2756C2B8B162400B245B2 /* DashboardFileWorker.swift */,
				B71615152B78AE01008E7FB8 /* DashboardWorker.swift */,
			);
			path = Workers;
			sourceTree = "<group>";
		};
		B716152E2B78AFE2008E7FB8 /* Factory */ = {
			isa = PBXGroup;
			children = (
				B71615132B78AE01008E7FB8 /* DashboardFactory.swift */,
			);
			path = Factory;
			sourceTree = "<group>";
		};
		B716152F2B78AFF1008E7FB8 /* Interactor+Presenter */ = {
			isa = PBXGroup;
			children = (
				B716151A2B78AE01008E7FB8 /* DashboardInteractor.swift */,
				B71615142B78AE01008E7FB8 /* DashboardPresenter.swift */,
			);
			path = "Interactor+Presenter";
			sourceTree = "<group>";
		};
		B71615302B78B12F008E7FB8 /* Model */ = {
			isa = PBXGroup;
			children = (
				B71615182B78AE01008E7FB8 /* DashboardModels.swift */,
				B7F40F9A2B7A8F4100EDA856 /* Location.swift */,
				B7F40F982B7A8EC200EDA856 /* AnnotaionInfoModel.swift */,
			);
			path = Model;
			sourceTree = "<group>";
		};
		B71615312B78B139008E7FB8 /* Router */ = {
			isa = PBXGroup;
			children = (
				B71615162B78AE01008E7FB8 /* DashboardRouter.swift */,
			);
			path = Router;
			sourceTree = "<group>";
		};
		B71B79192C0E39E50036DC6E /* MainTabBar */ = {
			isa = PBXGroup;
			children = (
				B71B79222C0E3A130036DC6E /* MainTabBarLogger.swift */,
				B71B791C2C0E3A130036DC6E /* MainTabBarWorker.swift */,
				B71B79372C0E3AA20036DC6E /* Factory */,
				B71B79362C0E3A940036DC6E /* Interactor+Presenter */,
				B71B79352C0E3A8C0036DC6E /* Models */,
				B71B79342C0E3A820036DC6E /* Router */,
				B71B79322C0E3A5B0036DC6E /* Views */,
			);
			path = MainTabBar;
			sourceTree = "<group>";
		};
		B71B79322C0E3A5B0036DC6E /* Views */ = {
			isa = PBXGroup;
			children = (
				B71B79202C0E3A130036DC6E /* MainTabBarViewController.swift */,
				B71B79232C0E3A130036DC6E /* MainTabBarViewController.xib */,
			);
			path = Views;
			sourceTree = "<group>";
		};
		B71B79342C0E3A820036DC6E /* Router */ = {
			isa = PBXGroup;
			children = (
				B71B791D2C0E3A130036DC6E /* MainTabBarRouter.swift */,
			);
			path = Router;
			sourceTree = "<group>";
		};
		B71B79352C0E3A8C0036DC6E /* Models */ = {
			isa = PBXGroup;
			children = (
				B71B791F2C0E3A130036DC6E /* MainTabBarModels.swift */,
			);
			path = Models;
			sourceTree = "<group>";
		};
		B71B79362C0E3A940036DC6E /* Interactor+Presenter */ = {
			isa = PBXGroup;
			children = (
				B71B79212C0E3A130036DC6E /* MainTabBarInteractor.swift */,
				B71B791B2C0E3A130036DC6E /* MainTabBarPresenter.swift */,
			);
			path = "Interactor+Presenter";
			sourceTree = "<group>";
		};
		B71B79372C0E3AA20036DC6E /* Factory */ = {
			isa = PBXGroup;
			children = (
				B71B791A2C0E3A130036DC6E /* MainTabBarFactory.swift */,
			);
			path = Factory;
			sourceTree = "<group>";
		};
		B71B79382C0E44150036DC6E /* Setting */ = {
			isa = PBXGroup;
			children = (
				B71B79412C0E442C0036DC6E /* SettingLogger.swift */,
				B71B793C2C0E442C0036DC6E /* SettingRouter.swift */,
				B71B793B2C0E442C0036DC6E /* SettingWorker.swift */,
				B71B79522C0E44550036DC6E /* Factory */,
				B71B79532C0E44610036DC6E /* Interactor+Presenter */,
				B71B79552C0E448D0036DC6E /* Models */,
				B71B79542C0E447E0036DC6E /* Service */,
				B71B79512C0E443D0036DC6E /* Views */,
			);
			path = Setting;
			sourceTree = "<group>";
		};
		B71B79512C0E443D0036DC6E /* Views */ = {
			isa = PBXGroup;
			children = (
				B71B793F2C0E442C0036DC6E /* SettingViewController.swift */,
				B71B79422C0E442C0036DC6E /* SettingViewController.xib */,
			);
			path = Views;
			sourceTree = "<group>";
		};
		B71B79522C0E44550036DC6E /* Factory */ = {
			isa = PBXGroup;
			children = (
				B71B79392C0E442C0036DC6E /* SettingFactory.swift */,
			);
			path = Factory;
			sourceTree = "<group>";
		};
		B71B79532C0E44610036DC6E /* Interactor+Presenter */ = {
			isa = PBXGroup;
			children = (
				B71B79402C0E442C0036DC6E /* SettingInteractor.swift */,
				B71B793A2C0E442C0036DC6E /* SettingPresenter.swift */,
			);
			path = "Interactor+Presenter";
			sourceTree = "<group>";
		};
		B71B79542C0E447E0036DC6E /* Service */ = {
			isa = PBXGroup;
			children = (
				B71B793D2C0E442C0036DC6E /* SettingEndpoint.swift */,
				B71B79432C0E442C0036DC6E /* SettingService.swift */,
			);
			path = Service;
			sourceTree = "<group>";
		};
		B71B79552C0E448D0036DC6E /* Models */ = {
			isa = PBXGroup;
			children = (
				B71B793E2C0E442C0036DC6E /* SettingModels.swift */,
			);
			path = Models;
			sourceTree = "<group>";
		};
		B724F4F72B77ED76003BEB03 /* LocationService */ = {
			isa = PBXGroup;
			children = (
				B724F4F82B77ED8D003BEB03 /* LocationService.swift */,
				B724F4FA2B77EF97003BEB03 /* CLLocationManagerProtocol.swift */,
			);
			path = LocationService;
			sourceTree = "<group>";
		};
		B794E0A82B768D83009E5697 = {
			isa = PBXGroup;
			children = (
				B755BF9C2B91033F002BFC7E /* Localizable.strings */,
				B794E0B32B768D83009E5697 /* CuteFondMemories */,
				B794E0CD2B768D84009E5697 /* CuteFondMemoriesTests */,
				B794E0D72B768D84009E5697 /* CuteFondMemoriesUITests */,
				B794E0B22B768D83009E5697 /* Products */,
			);
			sourceTree = "<group>";
		};
		B794E0B22B768D83009E5697 /* Products */ = {
			isa = PBXGroup;
			children = (
				B794E0B12B768D83009E5697 /* CuteFondMemories.app */,
				B794E0CA2B768D84009E5697 /* CuteFondMemoriesTests.xctest */,
				B794E0D42B768D84009E5697 /* CuteFondMemoriesUITests.xctest */,
			);
			name = Products;
			sourceTree = "<group>";
		};
		B794E0B32B768D83009E5697 /* CuteFondMemories */ = {
			isa = PBXGroup;
			children = (
				B794E0C52B768D84009E5697 /* Info.plist */,
				B794E0B42B768D83009E5697 /* AppDelegate.swift */,
				B794E0B62B768D83009E5697 /* SceneDelegate.swift */,
				B794E0EE2B768F6F009E5697 /* Common */,
				B7B76EF82B7FC85A00D15D67 /* CoreData */,
				B794E0BD2B768D83009E5697 /* CuteFondMemories.xcdatamodeld */,
				B794E10C2B7694AF009E5697 /* Modules */,
				B794E0F42B769047009E5697 /* Resources */,
			);
			path = CuteFondMemories;
			sourceTree = "<group>";
		};
		B794E0CD2B768D84009E5697 /* CuteFondMemoriesTests */ = {
			isa = PBXGroup;
			children = (
				B794E0CE2B768D84009E5697 /* CuteFondMemoriesTests.swift */,
				B7276BF72B86729400E00D3D /* DashboardInteractorTests.swift */,
				B704D1162B88FA0900492B10 /* XCTestCase+Extension.swift */,
				B7992FFF2B97A4F800DF40EC /* Seeds.swift */,
			);
			path = CuteFondMemoriesTests;
			sourceTree = "<group>";
		};
		B794E0D72B768D84009E5697 /* CuteFondMemoriesUITests */ = {
			isa = PBXGroup;
			children = (
				B794E0D82B768D84009E5697 /* CuteFondMemoriesUITests.swift */,
				B794E0DA2B768D84009E5697 /* CuteFondMemoriesUITestsLaunchTests.swift */,
			);
			path = CuteFondMemoriesUITests;
			sourceTree = "<group>";
		};
		B794E0EE2B768F6F009E5697 /* Common */ = {
			isa = PBXGroup;
			children = (
				B794E1052B7692EB009E5697 /* Constants.swift */,
				B794E1082B769381009E5697 /* DependencyContainer */,
				B794E1072B769377009E5697 /* Extensions */,
				B79795722C7FAC3300A3B591 /* Font */,
				B724F4F72B77ED76003BEB03 /* LocationService */,
				B794E0F72B769125009E5697 /* Logger */,
				B7EEBE952B814A6500D85DA5 /* Models */,
				B7A695692C3DD5EB00870827 /* Modifiers */,
				B79795542C7FAA3100A3B591 /* Network */,
				B794E0EF2B768F84009E5697 /* Storage */,
			);
			path = Common;
			sourceTree = "<group>";
		};
		B794E0EF2B768F84009E5697 /* Storage */ = {
			isa = PBXGroup;
			children = (
				B794E0F02B768FC5009E5697 /* StorageManager.swift */,
				B794E0F22B768FDC009E5697 /* UserDefaultsManager.swift */,
			);
			path = Storage;
			sourceTree = "<group>";
		};
		B794E0F42B769047009E5697 /* Resources */ = {
			isa = PBXGroup;
			children = (
				B79795532C7FA80D00A3B591 /* Fonts */,
				B794E0C02B768D84009E5697 /* Assets.xcassets */,
				B794E0C22B768D84009E5697 /* LaunchScreen.storyboard */,
			);
			path = Resources;
			sourceTree = "<group>";
		};
		B794E0F72B769125009E5697 /* Logger */ = {
			isa = PBXGroup;
			children = (
				B794E0F82B769191009E5697 /* Logger.swift */,
			);
			path = Logger;
			sourceTree = "<group>";
		};
		B794E1072B769377009E5697 /* Extensions */ = {
			isa = PBXGroup;
			children = (
				B704D1182B890B8300492B10 /* DateExtension.swift */,
				B755BF9D2B910439002BFC7E /* StringExtension.swift */,
				B7D9572D2B7BE9AD00AC33D1 /* UITextFieldExtension.swift */,
				B74684C62B7CA1E8001CA9DC /* UITextViewExtension.swift */,
				B755BF962B9100D3002BFC7E /* UIViewControllerExtension.swift */,
				B74684C82B7CA82F001CA9DC /* UIViewExtension.swift */,
				B794E1092B76939F009E5697 /* URLResponseExtension.swift */,
				B7A6956C2C3DD63800870827 /* ViewExtension.swift */,
				B71615322B78B38F008E7FB8 /* XibLoadableExtension.swift */,
				B79795732C7FAC6500A3B591 /* UIFontExtension.swift */,
			);
			path = Extensions;
			sourceTree = "<group>";
		};
		B794E1082B769381009E5697 /* DependencyContainer */ = {
			isa = PBXGroup;
			children = (
				B794E0F52B7690A1009E5697 /* DependencyContainer.swift */,
			);
			path = DependencyContainer;
			sourceTree = "<group>";
		};
		B794E10C2B7694AF009E5697 /* Modules */ = {
			isa = PBXGroup;
			children = (
				B79795062C7FA41000A3B591 /* Onboarding */,
				B7C4ED6B2C3C547700A16490 /* MemoryPreview */,
				B71615122B78ADA6008E7FB8 /* Dashboard */,
				B71B79192C0E39E50036DC6E /* MainTabBar */,
				B7D9570D2B7BD9E300AC33D1 /* MemoryDetails */,
				B71B79382C0E44150036DC6E /* Setting */,
			);
			path = Modules;
			sourceTree = "<group>";
		};
		B79795062C7FA41000A3B591 /* Onboarding */ = {
			isa = PBXGroup;
			children = (
				B797950F2C7FA43B00A3B591 /* OnboardingLogger.swift */,
				B79795092C7FA43B00A3B591 /* OnboardingWorker.swift */,
				B79795242C7FA48600A3B591 /* Factory */,
				B79795232C7FA47200A3B591 /* Interactor+Presenter */,
				B79795222C7FA46B00A3B591 /* Model */,
				B79795212C7FA46100A3B591 /* Router */,
				B79795202C7FA45700A3B591 /* Services */,
				B797951F2C7FA44700A3B591 /* Views */,
			);
			path = Onboarding;
			sourceTree = "<group>";
		};
		B797951F2C7FA44700A3B591 /* Views */ = {
			isa = PBXGroup;
			children = (
				B797950D2C7FA43B00A3B591 /* OnboardingViewController.swift */,
				B79795102C7FA43B00A3B591 /* OnboardingViewController.xib */,
			);
			path = Views;
			sourceTree = "<group>";
		};
		B79795202C7FA45700A3B591 /* Services */ = {
			isa = PBXGroup;
			children = (
				B797950B2C7FA43B00A3B591 /* OnboardingEndpoint.swift */,
				B79795112C7FA43B00A3B591 /* OnboardingService.swift */,
			);
			path = Services;
			sourceTree = "<group>";
		};
		B79795212C7FA46100A3B591 /* Router */ = {
			isa = PBXGroup;
			children = (
				B797950A2C7FA43B00A3B591 /* OnboardingRouter.swift */,
			);
			path = Router;
			sourceTree = "<group>";
		};
		B79795222C7FA46B00A3B591 /* Model */ = {
			isa = PBXGroup;
			children = (
				B797950C2C7FA43B00A3B591 /* OnboardingModels.swift */,
			);
			path = Model;
			sourceTree = "<group>";
		};
		B79795232C7FA47200A3B591 /* Interactor+Presenter */ = {
			isa = PBXGroup;
			children = (
				B797950E2C7FA43B00A3B591 /* OnboardingInteractor.swift */,
				B79795082C7FA43B00A3B591 /* OnboardingPresenter.swift */,
			);
			path = "Interactor+Presenter";
			sourceTree = "<group>";
		};
		B79795242C7FA48600A3B591 /* Factory */ = {
			isa = PBXGroup;
			children = (
				B79795122C7FA43B00A3B591 /* OnboardingDependencyContainer.swift */,
				B79795072C7FA43B00A3B591 /* OnboardingFactory.swift */,
			);
			path = Factory;
			sourceTree = "<group>";
		};
		B79795252C7FA80A00A3B591 /* Montserrat */ = {
			isa = PBXGroup;
			children = (
				B79795362C7FA80A00A3B591 /* Montserrat-Black.ttf */,
				B79795322C7FA80A00A3B591 /* Montserrat-BlackItalic.ttf */,
				B79795302C7FA80A00A3B591 /* Montserrat-Bold.ttf */,
				B797952B2C7FA80A00A3B591 /* Montserrat-BoldItalic.ttf */,
				B79795352C7FA80A00A3B591 /* Montserrat-ExtraBold.ttf */,
				B797953A2C7FA80A00A3B591 /* Montserrat-ExtraBoldItalic.ttf */,
				B797952E2C7FA80A00A3B591 /* Montserrat-ExtraLight.ttf */,
				B79795342C7FA80A00A3B591 /* Montserrat-ExtraLightItalic.ttf */,
				B79795272C7FA80A00A3B591 /* Montserrat-Italic-VariableFont_wght.ttf */,
				B79795382C7FA80A00A3B591 /* Montserrat-Italic.ttf */,
				B797952C2C7FA80A00A3B591 /* Montserrat-Light.ttf */,
				B79795292C7FA80A00A3B591 /* Montserrat-LightItalic.ttf */,
				B797952A2C7FA80A00A3B591 /* Montserrat-Medium.ttf */,
				B79795312C7FA80A00A3B591 /* Montserrat-MediumItalic.ttf */,
				B79795372C7FA80A00A3B591 /* Montserrat-Regular.ttf */,
				B79795332C7FA80A00A3B591 /* Montserrat-SemiBold.ttf */,
				B79795392C7FA80A00A3B591 /* Montserrat-SemiBoldItalic.ttf */,
				B797952F2C7FA80A00A3B591 /* Montserrat-Thin.ttf */,
				B797952D2C7FA80A00A3B591 /* Montserrat-ThinItalic.ttf */,
				B79795262C7FA80A00A3B591 /* Montserrat-VariableFont_wght.ttf */,
			);
			path = Montserrat;
			sourceTree = "<group>";
		};
		B79795532C7FA80D00A3B591 /* Fonts */ = {
			isa = PBXGroup;
			children = (
				B79795252C7FA80A00A3B591 /* Montserrat */,
			);
			path = Fonts;
			sourceTree = "<group>";
		};
		B79795542C7FAA3100A3B591 /* Network */ = {
			isa = PBXGroup;
			children = (
				B79795552C7FAA3100A3B591 /* Commom */,
				B797955A2C7FAA3100A3B591 /* NetworkManager */,
				B79795632C7FAA3100A3B591 /* NetworkMonitor */,
			);
			path = Network;
			sourceTree = "<group>";
		};
		B79795552C7FAA3100A3B591 /* Commom */ = {
			isa = PBXGroup;
			children = (
				B79795562C7FAA3100A3B591 /* Models */,
				B79795582C7FAA3100A3B591 /* Extensions */,
			);
			path = Commom;
			sourceTree = "<group>";
		};
		B79795562C7FAA3100A3B591 /* Models */ = {
			isa = PBXGroup;
			children = (
				B79795572C7FAA3100A3B591 /* NetworkInfoModel.swift */,
			);
			path = Models;
			sourceTree = "<group>";
		};
		B79795582C7FAA3100A3B591 /* Extensions */ = {
			isa = PBXGroup;
			children = (
				B79795592C7FAA3100A3B591 /* NWInterface.InterfaceType+Extension.swift */,
			);
			path = Extensions;
			sourceTree = "<group>";
		};
		B797955A2C7FAA3100A3B591 /* NetworkManager */ = {
			isa = PBXGroup;
			children = (
				B797955B2C7FAA3100A3B591 /* APIHTTPRequestMapper.swift */,
				B797955C2C7FAA3100A3B591 /* ErrorMapper.swift */,
				B797955D2C7FAA3100A3B591 /* NetworkManager.swift */,
				B797955E2C7FAA3100A3B591 /* HTTPMethod.swift */,
				B797955F2C7FAA3100A3B591 /* HTTPClient.swift */,
				B79795602C7FAA3100A3B591 /* NetworkLogger.swift */,
				B79795612C7FAA3100A3B591 /* NetworkError.swift */,
				B79795622C7FAA3100A3B591 /* EndPoint.swift */,
			);
			path = NetworkManager;
			sourceTree = "<group>";
		};
		B79795632C7FAA3100A3B591 /* NetworkMonitor */ = {
			isa = PBXGroup;
			children = (
				B79795642C7FAA3100A3B591 /* NetworkInterfaceType.swift */,
				B79795652C7FAA3100A3B591 /* NetworkMonitor.swift */,
			);
			path = NetworkMonitor;
			sourceTree = "<group>";
		};
		B79795722C7FAC3300A3B591 /* Font */ = {
			isa = PBXGroup;
			children = (
				B79795752C7FAE3C00A3B591 /* FontInfoTypes.swift */,
			);
			path = Font;
			sourceTree = "<group>";
		};
		B7A695692C3DD5EB00870827 /* Modifiers */ = {
			isa = PBXGroup;
			children = (
				B7A6956A2C3DD60700870827 /* ViewDidLoadModifier.swift */,
			);
			path = Modifiers;
			sourceTree = "<group>";
		};
		B7B76EF82B7FC85A00D15D67 /* CoreData */ = {
			isa = PBXGroup;
			children = (
				B7B76EF92B7FC87300D15D67 /* Memory+Helper.swift */,
				B7B76EFD2B7FD35400D15D67 /* NSPredicateExtension.swift */,
				B7B76EFB2B7FCC6000D15D67 /* PersistanceManager.swift */,
			);
			path = CoreData;
			sourceTree = "<group>";
		};
		B7C4ED6B2C3C547700A16490 /* MemoryPreview */ = {
			isa = PBXGroup;
			children = (
				B7C4ED7E2C3C596D00A16490 /* MemoryPreviewLogger.swift */,
				B7C4ED822C3C5CB700A16490 /* Factory */,
				B7C4ED832C3C5CC500A16490 /* Interactor+Presenter  */,
				B7C4ED842C3C5F7100A16490 /* Model */,
				B7C4ED852C3C5F8100A16490 /* Router */,
				B7C4ED862C3C5F8A00A16490 /* Services */,
				B7C4ED872C3C5FA200A16490 /* View */,
				B7C4ED882C3C5FAB00A16490 /* Workers */,
			);
			path = MemoryPreview;
			sourceTree = "<group>";
		};
		B7C4ED822C3C5CB700A16490 /* Factory */ = {
			isa = PBXGroup;
			children = (
				B7C4ED782C3C585300A16490 /* MemoryPreviewFactory.swift */,
			);
			path = Factory;
			sourceTree = "<group>";
		};
		B7C4ED832C3C5CC500A16490 /* Interactor+Presenter  */ = {
			isa = PBXGroup;
			children = (
				B7C4ED6E2C3C566C00A16490 /* MemoryPreviewInteractor.swift */,
				B7C4ED702C3C569400A16490 /* MemoryPreviewPresenter.swift */,
			);
			path = "Interactor+Presenter ";
			sourceTree = "<group>";
		};
		B7C4ED842C3C5F7100A16490 /* Model */ = {
			isa = PBXGroup;
			children = (
				B7C4ED742C3C579000A16490 /* MemoryPreviewModels.swift */,
			);
			path = Model;
			sourceTree = "<group>";
		};
		B7C4ED852C3C5F8100A16490 /* Router */ = {
			isa = PBXGroup;
			children = (
			);
			path = Router;
			sourceTree = "<group>";
		};
		B7C4ED862C3C5F8A00A16490 /* Services */ = {
			isa = PBXGroup;
			children = (
				B7C4ED7A2C3C592300A16490 /* MemoryPreviewEndpoint.swift */,
				B7C4ED7C2C3C594600A16490 /* MemoryPreviewService.swift */,
			);
			path = Services;
			sourceTree = "<group>";
		};
		B7C4ED872C3C5FA200A16490 /* View */ = {
			isa = PBXGroup;
			children = (
				B7C4ED6C2C3C54A100A16490 /* MemoryPreviewView.swift */,
			);
			path = View;
			sourceTree = "<group>";
		};
		B7C4ED882C3C5FAB00A16490 /* Workers */ = {
			isa = PBXGroup;
			children = (
				B7C4ED802C3C5A3300A16490 /* MemoryPreviewWorker.swift */,
			);
			path = Workers;
			sourceTree = "<group>";
		};
		B7D9570D2B7BD9E300AC33D1 /* MemoryDetails */ = {
			isa = PBXGroup;
			children = (
				B7D957162B7BDA8F00AC33D1 /* MemoryDetailsLogger.swift */,
				B7D9572C2B7BDB2D00AC33D1 /* Factory */,
				B7D9572B2B7BDB0D00AC33D1 /* Interactor+Presenter */,
				B7D9572A2B7BDB0800AC33D1 /* Model */,
				B7D957292B7BDB0100AC33D1 /* Router */,
				B7D957282B7BDAAB00AC33D1 /* Services */,
				B7D957272B7BDAA500AC33D1 /* Views */,
				B7D957262B7BDA9B00AC33D1 /* Workers */,
			);
			path = MemoryDetails;
			sourceTree = "<group>";
		};
		B7D957262B7BDA9B00AC33D1 /* Workers */ = {
			isa = PBXGroup;
			children = (
				B7EEBE932B81435300D85DA5 /* MemoryDetailsFileWorker.swift */,
				B7D957102B7BDA8F00AC33D1 /* MemoryDetailsWorker.swift */,
			);
			path = Workers;
			sourceTree = "<group>";
		};
		B7D957272B7BDAA500AC33D1 /* Views */ = {
			isa = PBXGroup;
			children = (
				B7D957142B7BDA8F00AC33D1 /* MemoryDetailsViewController.swift */,
				B7D957172B7BDA8F00AC33D1 /* MemoryDetailsViewController.xib */,
			);
			path = Views;
			sourceTree = "<group>";
		};
		B7D957282B7BDAAB00AC33D1 /* Services */ = {
			isa = PBXGroup;
			children = (
				B7D957122B7BDA8F00AC33D1 /* MemoryDetailsEndpoint.swift */,
				B7D957182B7BDA8F00AC33D1 /* MemoryDetailsService.swift */,
			);
			path = Services;
			sourceTree = "<group>";
		};
		B7D957292B7BDB0100AC33D1 /* Router */ = {
			isa = PBXGroup;
			children = (
				B7D957112B7BDA8F00AC33D1 /* MemoryDetailsRouter.swift */,
			);
			path = Router;
			sourceTree = "<group>";
		};
		B7D9572A2B7BDB0800AC33D1 /* Model */ = {
			isa = PBXGroup;
			children = (
				B7D957132B7BDA8F00AC33D1 /* MemoryDetailsModels.swift */,
			);
			path = Model;
			sourceTree = "<group>";
		};
		B7D9572B2B7BDB0D00AC33D1 /* Interactor+Presenter */ = {
			isa = PBXGroup;
			children = (
				B7D957152B7BDA8F00AC33D1 /* MemoryDetailsInteractor.swift */,
				B7D9570F2B7BDA8F00AC33D1 /* MemoryDetailsPresenter.swift */,
			);
			path = "Interactor+Presenter";
			sourceTree = "<group>";
		};
		B7D9572C2B7BDB2D00AC33D1 /* Factory */ = {
			isa = PBXGroup;
			children = (
				B7D9570E2B7BDA8F00AC33D1 /* MemoryDetailsFactory.swift */,
			);
			path = Factory;
			sourceTree = "<group>";
		};
		B7EEBE952B814A6500D85DA5 /* Models */ = {
			isa = PBXGroup;
			children = (
			);
			path = Models;
			sourceTree = "<group>";
		};
/* End PBXGroup section */

/* Begin PBXNativeTarget section */
		B794E0B02B768D83009E5697 /* CuteFondMemories */ = {
			isa = PBXNativeTarget;
			buildConfigurationList = B794E0DE2B768D84009E5697 /* Build configuration list for PBXNativeTarget "CuteFondMemories" */;
			buildPhases = (
				B794E0AD2B768D83009E5697 /* Sources */,
				B794E0AE2B768D83009E5697 /* Frameworks */,
				B794E0AF2B768D83009E5697 /* Resources */,
				B794E0E72B768DA6009E5697 /* ShellScript */,
			);
			buildRules = (
			);
			dependencies = (
			);
			name = CuteFondMemories;
			productName = CuteFondMemories;
			productReference = B794E0B12B768D83009E5697 /* CuteFondMemories.app */;
			productType = "com.apple.product-type.application";
		};
		B794E0C92B768D84009E5697 /* CuteFondMemoriesTests */ = {
			isa = PBXNativeTarget;
			buildConfigurationList = B794E0E12B768D84009E5697 /* Build configuration list for PBXNativeTarget "CuteFondMemoriesTests" */;
			buildPhases = (
				B794E0C62B768D84009E5697 /* Sources */,
				B794E0C72B768D84009E5697 /* Frameworks */,
				B794E0C82B768D84009E5697 /* Resources */,
			);
			buildRules = (
			);
			dependencies = (
				B794E0CC2B768D84009E5697 /* PBXTargetDependency */,
			);
			name = CuteFondMemoriesTests;
			productName = CuteFondMemoriesTests;
			productReference = B794E0CA2B768D84009E5697 /* CuteFondMemoriesTests.xctest */;
			productType = "com.apple.product-type.bundle.unit-test";
		};
		B794E0D32B768D84009E5697 /* CuteFondMemoriesUITests */ = {
			isa = PBXNativeTarget;
			buildConfigurationList = B794E0E42B768D84009E5697 /* Build configuration list for PBXNativeTarget "CuteFondMemoriesUITests" */;
			buildPhases = (
				B794E0D02B768D84009E5697 /* Sources */,
				B794E0D12B768D84009E5697 /* Frameworks */,
				B794E0D22B768D84009E5697 /* Resources */,
			);
			buildRules = (
			);
			dependencies = (
				B794E0D62B768D84009E5697 /* PBXTargetDependency */,
			);
			name = CuteFondMemoriesUITests;
			productName = CuteFondMemoriesUITests;
			productReference = B794E0D42B768D84009E5697 /* CuteFondMemoriesUITests.xctest */;
			productType = "com.apple.product-type.bundle.ui-testing";
		};
/* End PBXNativeTarget section */

/* Begin PBXProject section */
		B794E0A92B768D83009E5697 /* Project object */ = {
			isa = PBXProject;
			attributes = {
				BuildIndependentTargetsInParallel = 1;
				LastSwiftUpdateCheck = 1500;
				LastUpgradeCheck = 1500;
				TargetAttributes = {
					B794E0B02B768D83009E5697 = {
						CreatedOnToolsVersion = 15.0.1;
					};
					B794E0C92B768D84009E5697 = {
						CreatedOnToolsVersion = 15.0.1;
						TestTargetID = B794E0B02B768D83009E5697;
					};
					B794E0D32B768D84009E5697 = {
						CreatedOnToolsVersion = 15.0.1;
						TestTargetID = B794E0B02B768D83009E5697;
					};
				};
			};
			buildConfigurationList = B794E0AC2B768D83009E5697 /* Build configuration list for PBXProject "CuteFondMemories" */;
			compatibilityVersion = "Xcode 14.0";
			developmentRegion = en;
			hasScannedForEncodings = 0;
			knownRegions = (
				en,
				Base,
			);
			mainGroup = B794E0A82B768D83009E5697;
			productRefGroup = B794E0B22B768D83009E5697 /* Products */;
			projectDirPath = "";
			projectRoot = "";
			targets = (
				B794E0B02B768D83009E5697 /* CuteFondMemories */,
				B794E0C92B768D84009E5697 /* CuteFondMemoriesTests */,
				B794E0D32B768D84009E5697 /* CuteFondMemoriesUITests */,
			);
		};
/* End PBXProject section */

/* Begin PBXResourcesBuildPhase section */
		B794E0AF2B768D83009E5697 /* Resources */ = {
			isa = PBXResourcesBuildPhase;
			buildActionMask = 2147483647;
			files = (
				B797954F2C7FA80A00A3B591 /* Montserrat-SemiBoldItalic.ttf in Resources */,
				B79795472C7FA80A00A3B591 /* Montserrat-MediumItalic.ttf in Resources */,
				B79795422C7FA80A00A3B591 /* Montserrat-Light.ttf in Resources */,
				B79795412C7FA80A00A3B591 /* Montserrat-BoldItalic.ttf in Resources */,
				B79795492C7FA80A00A3B591 /* Montserrat-SemiBold.ttf in Resources */,
				B797953F2C7FA80A00A3B591 /* Montserrat-LightItalic.ttf in Resources */,
				B797953E2C7FA80A00A3B591 /* Montserrat-Italic-VariableFont_wght.ttf in Resources */,
				B71B794E2C0E442C0036DC6E /* SettingViewController.xib in Resources */,
				B755BF9A2B91033F002BFC7E /* Localizable.strings in Resources */,
				B794E0C42B768D84009E5697 /* LaunchScreen.storyboard in Resources */,
				B794E0C12B768D84009E5697 /* Assets.xcassets in Resources */,
				B71B792F2C0E3A130036DC6E /* MainTabBarViewController.xib in Resources */,
				B797954E2C7FA80A00A3B591 /* Montserrat-Italic.ttf in Resources */,
				B7D957232B7BDA8F00AC33D1 /* MemoryDetailsViewController.xib in Resources */,
				B71615282B78AE01008E7FB8 /* DashboardViewController.xib in Resources */,
				B797954D2C7FA80A00A3B591 /* Montserrat-Regular.ttf in Resources */,
				B797954B2C7FA80A00A3B591 /* Montserrat-ExtraBold.ttf in Resources */,
				B797954A2C7FA80A00A3B591 /* Montserrat-ExtraLightItalic.ttf in Resources */,
				B797953D2C7FA80A00A3B591 /* Montserrat-VariableFont_wght.ttf in Resources */,
				B79795482C7FA80A00A3B591 /* Montserrat-BlackItalic.ttf in Resources */,
				B797954C2C7FA80A00A3B591 /* Montserrat-Black.ttf in Resources */,
				B79795452C7FA80A00A3B591 /* Montserrat-Thin.ttf in Resources */,
				B79795402C7FA80A00A3B591 /* Montserrat-Medium.ttf in Resources */,
				B79795462C7FA80A00A3B591 /* Montserrat-Bold.ttf in Resources */,
				B79795442C7FA80A00A3B591 /* Montserrat-ExtraLight.ttf in Resources */,
				B79795502C7FA80A00A3B591 /* Montserrat-ExtraBoldItalic.ttf in Resources */,
				B797951C2C7FA43B00A3B591 /* OnboardingViewController.xib in Resources */,
				B79795432C7FA80A00A3B591 /* Montserrat-ThinItalic.ttf in Resources */,
			);
			runOnlyForDeploymentPostprocessing = 0;
		};
		B794E0C82B768D84009E5697 /* Resources */ = {
			isa = PBXResourcesBuildPhase;
			buildActionMask = 2147483647;
			files = (
			);
			runOnlyForDeploymentPostprocessing = 0;
		};
		B794E0D22B768D84009E5697 /* Resources */ = {
			isa = PBXResourcesBuildPhase;
			buildActionMask = 2147483647;
			files = (
			);
			runOnlyForDeploymentPostprocessing = 0;
		};
/* End PBXResourcesBuildPhase section */

/* Begin PBXShellScriptBuildPhase section */
		B794E0E72B768DA6009E5697 /* ShellScript */ = {
			isa = PBXShellScriptBuildPhase;
			buildActionMask = 2147483647;
			files = (
			);
			inputFileListPaths = (
			);
			inputPaths = (
			);
			outputFileListPaths = (
			);
			outputPaths = (
			);
			runOnlyForDeploymentPostprocessing = 0;
			shellPath = /bin/sh;
			shellScript = "if [[ \"$(uname -m)\" == arm64 ]]; then\n    export PATH=\"/opt/homebrew/bin:$PATH\"\nfi\n\nif which swiftlint > /dev/null; then\n  swiftlint\nelse\n  echo \"warning: SwiftLint not installed, download from https://github.com/realm/SwiftLint\"\nfi\n";
		};
/* End PBXShellScriptBuildPhase section */

/* Begin PBXSourcesBuildPhase section */
		B794E0AD2B768D83009E5697 /* Sources */ = {
			isa = PBXSourcesBuildPhase;
			buildActionMask = 2147483647;
			files = (
				B79795662C7FAA3100A3B591 /* NetworkInfoModel.swift in Sources */,
				B79795172C7FA43B00A3B591 /* OnboardingEndpoint.swift in Sources */,
				B704D1192B890B8300492B10 /* DateExtension.swift in Sources */,
				B794E0B52B768D83009E5697 /* AppDelegate.swift in Sources */,
				B7D957212B7BDA8F00AC33D1 /* MemoryDetailsInteractor.swift in Sources */,
				B71615252B78AE01008E7FB8 /* DashboardViewController.swift in Sources */,
				B7D957242B7BDA8F00AC33D1 /* MemoryDetailsService.swift in Sources */,
				B71B79292C0E3A130036DC6E /* MainTabBarRouter.swift in Sources */,
				B71B79452C0E442C0036DC6E /* SettingFactory.swift in Sources */,
				B755BF972B9100D3002BFC7E /* UIViewControllerExtension.swift in Sources */,
				B79795742C7FAC6500A3B591 /* UIFontExtension.swift in Sources */,
				B7C4ED6F2C3C566C00A16490 /* MemoryPreviewInteractor.swift in Sources */,
				B7B76EFE2B7FD35400D15D67 /* NSPredicateExtension.swift in Sources */,
				B71B79282C0E3A130036DC6E /* MainTabBarWorker.swift in Sources */,
				B71615232B78AE01008E7FB8 /* DashboardEndpoint.swift in Sources */,
				B71B792E2C0E3A130036DC6E /* MainTabBarLogger.swift in Sources */,
				B79795672C7FAA3100A3B591 /* NWInterface.InterfaceType+Extension.swift in Sources */,
				B794E0F32B768FDC009E5697 /* UserDefaultsManager.swift in Sources */,
				B7D9571B2B7BDA8F00AC33D1 /* MemoryDetailsPresenter.swift in Sources */,
				B79795192C7FA43B00A3B591 /* OnboardingViewController.swift in Sources */,
				B797951E2C7FA43B00A3B591 /* OnboardingDependencyContainer.swift in Sources */,
				B797951A2C7FA43B00A3B591 /* OnboardingInteractor.swift in Sources */,
				B79795682C7FAA3100A3B591 /* APIHTTPRequestMapper.swift in Sources */,
				B71B794D2C0E442C0036DC6E /* SettingLogger.swift in Sources */,
				B797956B2C7FAA3100A3B591 /* HTTPMethod.swift in Sources */,
				B71B79472C0E442C0036DC6E /* SettingWorker.swift in Sources */,
				B794E0BF2B768D83009E5697 /* CuteFondMemories.xcdatamodeld in Sources */,
				B7F40F992B7A8EC200EDA856 /* AnnotaionInfoModel.swift in Sources */,
				B79795142C7FA43B00A3B591 /* OnboardingPresenter.swift in Sources */,
				B71B794F2C0E442C0036DC6E /* SettingService.swift in Sources */,
				B71B792B2C0E3A130036DC6E /* MainTabBarModels.swift in Sources */,
				B7F40F9B2B7A8F4100EDA856 /* Location.swift in Sources */,
				B7EEBE942B81435300D85DA5 /* MemoryDetailsFileWorker.swift in Sources */,
				B716151F2B78AE01008E7FB8 /* DashboardFactory.swift in Sources */,
				B7B76EFC2B7FCC6000D15D67 /* PersistanceManager.swift in Sources */,
				B7C4ED812C3C5A3300A16490 /* MemoryPreviewWorker.swift in Sources */,
				B71B79262C0E3A130036DC6E /* MainTabBarFactory.swift in Sources */,
				B7D9572E2B7BE9AD00AC33D1 /* UITextFieldExtension.swift in Sources */,
				B71615202B78AE01008E7FB8 /* DashboardPresenter.swift in Sources */,
				B7A6956D2C3DD63800870827 /* ViewExtension.swift in Sources */,
				B71B794C2C0E442C0036DC6E /* SettingInteractor.swift in Sources */,
				B7D9571E2B7BDA8F00AC33D1 /* MemoryDetailsEndpoint.swift in Sources */,
				B7A6956B2C3DD60700870827 /* ViewDidLoadModifier.swift in Sources */,
				B794E0B72B768D83009E5697 /* SceneDelegate.swift in Sources */,
				B797956E2C7FAA3100A3B591 /* NetworkError.swift in Sources */,
				B7D9571C2B7BDA8F00AC33D1 /* MemoryDetailsWorker.swift in Sources */,
				B74684C92B7CA82F001CA9DC /* UIViewExtension.swift in Sources */,
				B794E0F92B769191009E5697 /* Logger.swift in Sources */,
				B71B792C2C0E3A130036DC6E /* MainTabBarViewController.swift in Sources */,
				B7D957222B7BDA8F00AC33D1 /* MemoryDetailsLogger.swift in Sources */,
				B79795132C7FA43B00A3B591 /* OnboardingFactory.swift in Sources */,
				B79795702C7FAA3100A3B591 /* NetworkInterfaceType.swift in Sources */,
				B724F4F92B77ED8D003BEB03 /* LocationService.swift in Sources */,
				B71615332B78B38F008E7FB8 /* XibLoadableExtension.swift in Sources */,
				B7C4ED7F2C3C596D00A16490 /* MemoryPreviewLogger.swift in Sources */,
				B797951B2C7FA43B00A3B591 /* OnboardingLogger.swift in Sources */,
				B7D957202B7BDA8F00AC33D1 /* MemoryDetailsViewController.swift in Sources */,
				B797956D2C7FAA3100A3B591 /* NetworkLogger.swift in Sources */,
				B794E1062B7692EB009E5697 /* Constants.swift in Sources */,
				B7C4ED7B2C3C592300A16490 /* MemoryPreviewEndpoint.swift in Sources */,
				B755BF9E2B910439002BFC7E /* StringExtension.swift in Sources */,
				B71615242B78AE01008E7FB8 /* DashboardModels.swift in Sources */,
				B79795162C7FA43B00A3B591 /* OnboardingRouter.swift in Sources */,
				B79795762C7FAE3C00A3B591 /* FontInfoTypes.swift in Sources */,
				B71615212B78AE01008E7FB8 /* DashboardWorker.swift in Sources */,
				B71615272B78AE01008E7FB8 /* DashboardLogger.swift in Sources */,
				B794E0F62B7690A1009E5697 /* DependencyContainer.swift in Sources */,
				B71615292B78AE01008E7FB8 /* DashboardService.swift in Sources */,
				B71B79492C0E442C0036DC6E /* SettingEndpoint.swift in Sources */,
				B71B794A2C0E442C0036DC6E /* SettingModels.swift in Sources */,
				B79795712C7FAA3100A3B591 /* NetworkMonitor.swift in Sources */,
				B7D9571A2B7BDA8F00AC33D1 /* MemoryDetailsFactory.swift in Sources */,
				B797956C2C7FAA3100A3B591 /* HTTPClient.swift in Sources */,
				B7F2756D2B8B162400B245B2 /* DashboardFileWorker.swift in Sources */,
				B79795152C7FA43B00A3B591 /* OnboardingWorker.swift in Sources */,
				B7C4ED6D2C3C54A100A16490 /* MemoryPreviewView.swift in Sources */,
				B794E10A2B76939F009E5697 /* URLResponseExtension.swift in Sources */,
				B71615222B78AE01008E7FB8 /* DashboardRouter.swift in Sources */,
				B74684C72B7CA1E8001CA9DC /* UITextViewExtension.swift in Sources */,
				B79795692C7FAA3100A3B591 /* ErrorMapper.swift in Sources */,
				B797956A2C7FAA3100A3B591 /* NetworkManager.swift in Sources */,
				B7C4ED752C3C579000A16490 /* MemoryPreviewModels.swift in Sources */,
				B7C4ED792C3C585300A16490 /* MemoryPreviewFactory.swift in Sources */,
				B71B79272C0E3A130036DC6E /* MainTabBarPresenter.swift in Sources */,
				B71B794B2C0E442C0036DC6E /* SettingViewController.swift in Sources */,
				B71B792D2C0E3A130036DC6E /* MainTabBarInteractor.swift in Sources */,
				B7C4ED7D2C3C594600A16490 /* MemoryPreviewService.swift in Sources */,
				B794E0F12B768FC5009E5697 /* StorageManager.swift in Sources */,
				B71B79482C0E442C0036DC6E /* SettingRouter.swift in Sources */,
				B79795182C7FA43B00A3B591 /* OnboardingModels.swift in Sources */,
				B7D9571F2B7BDA8F00AC33D1 /* MemoryDetailsModels.swift in Sources */,
				B797956F2C7FAA3100A3B591 /* EndPoint.swift in Sources */,
				B71B79462C0E442C0036DC6E /* SettingPresenter.swift in Sources */,
				B797951D2C7FA43B00A3B591 /* OnboardingService.swift in Sources */,
				B7D9571D2B7BDA8F00AC33D1 /* MemoryDetailsRouter.swift in Sources */,
				B724F4FB2B77EF97003BEB03 /* CLLocationManagerProtocol.swift in Sources */,
				B7B76EFA2B7FC87300D15D67 /* Memory+Helper.swift in Sources */,
				B71615262B78AE01008E7FB8 /* DashboardInteractor.swift in Sources */,
				B7C4ED712C3C569400A16490 /* MemoryPreviewPresenter.swift in Sources */,
			);
			runOnlyForDeploymentPostprocessing = 0;
		};
		B794E0C62B768D84009E5697 /* Sources */ = {
			isa = PBXSourcesBuildPhase;
			buildActionMask = 2147483647;
			files = (
				B704D1172B88FA0900492B10 /* XCTestCase+Extension.swift in Sources */,
				B794E0CF2B768D84009E5697 /* CuteFondMemoriesTests.swift in Sources */,
				B7276BFB2B86729400E00D3D /* DashboardInteractorTests.swift in Sources */,
				B79930002B97A4F800DF40EC /* Seeds.swift in Sources */,
			);
			runOnlyForDeploymentPostprocessing = 0;
		};
		B794E0D02B768D84009E5697 /* Sources */ = {
			isa = PBXSourcesBuildPhase;
			buildActionMask = 2147483647;
			files = (
				B794E0D92B768D84009E5697 /* CuteFondMemoriesUITests.swift in Sources */,
				B794E0DB2B768D84009E5697 /* CuteFondMemoriesUITestsLaunchTests.swift in Sources */,
			);
			runOnlyForDeploymentPostprocessing = 0;
		};
/* End PBXSourcesBuildPhase section */

/* Begin PBXTargetDependency section */
		B794E0CC2B768D84009E5697 /* PBXTargetDependency */ = {
			isa = PBXTargetDependency;
			target = B794E0B02B768D83009E5697 /* CuteFondMemories */;
			targetProxy = B794E0CB2B768D84009E5697 /* PBXContainerItemProxy */;
		};
		B794E0D62B768D84009E5697 /* PBXTargetDependency */ = {
			isa = PBXTargetDependency;
			target = B794E0B02B768D83009E5697 /* CuteFondMemories */;
			targetProxy = B794E0D52B768D84009E5697 /* PBXContainerItemProxy */;
		};
/* End PBXTargetDependency section */

/* Begin PBXVariantGroup section */
		B755BF9C2B91033F002BFC7E /* Localizable.strings */ = {
			isa = PBXVariantGroup;
			children = (
				B755BF9B2B91033F002BFC7E /* en */,
			);
			name = Localizable.strings;
			sourceTree = "<group>";
		};
		B794E0C22B768D84009E5697 /* LaunchScreen.storyboard */ = {
			isa = PBXVariantGroup;
			children = (
				B794E0C32B768D84009E5697 /* Base */,
			);
			name = LaunchScreen.storyboard;
			sourceTree = "<group>";
		};
/* End PBXVariantGroup section */

/* Begin XCBuildConfiguration section */
		B794E0DC2B768D84009E5697 /* Debug */ = {
			isa = XCBuildConfiguration;
			buildSettings = {
				ALWAYS_SEARCH_USER_PATHS = NO;
				ASSETCATALOG_COMPILER_GENERATE_SWIFT_ASSET_SYMBOL_EXTENSIONS = YES;
				CLANG_ANALYZER_NONNULL = YES;
				CLANG_ANALYZER_NUMBER_OBJECT_CONVERSION = YES_AGGRESSIVE;
				CLANG_CXX_LANGUAGE_STANDARD = "gnu++20";
				CLANG_ENABLE_MODULES = YES;
				CLANG_ENABLE_OBJC_ARC = YES;
				CLANG_ENABLE_OBJC_WEAK = YES;
				CLANG_WARN_BLOCK_CAPTURE_AUTORELEASING = YES;
				CLANG_WARN_BOOL_CONVERSION = YES;
				CLANG_WARN_COMMA = YES;
				CLANG_WARN_CONSTANT_CONVERSION = YES;
				CLANG_WARN_DEPRECATED_OBJC_IMPLEMENTATIONS = YES;
				CLANG_WARN_DIRECT_OBJC_ISA_USAGE = YES_ERROR;
				CLANG_WARN_DOCUMENTATION_COMMENTS = YES;
				CLANG_WARN_EMPTY_BODY = YES;
				CLANG_WARN_ENUM_CONVERSION = YES;
				CLANG_WARN_INFINITE_RECURSION = YES;
				CLANG_WARN_INT_CONVERSION = YES;
				CLANG_WARN_NON_LITERAL_NULL_CONVERSION = YES;
				CLANG_WARN_OBJC_IMPLICIT_RETAIN_SELF = YES;
				CLANG_WARN_OBJC_LITERAL_CONVERSION = YES;
				CLANG_WARN_OBJC_ROOT_CLASS = YES_ERROR;
				CLANG_WARN_QUOTED_INCLUDE_IN_FRAMEWORK_HEADER = YES;
				CLANG_WARN_RANGE_LOOP_ANALYSIS = YES;
				CLANG_WARN_STRICT_PROTOTYPES = YES;
				CLANG_WARN_SUSPICIOUS_MOVE = YES;
				CLANG_WARN_UNGUARDED_AVAILABILITY = YES_AGGRESSIVE;
				CLANG_WARN_UNREACHABLE_CODE = YES;
				CLANG_WARN__DUPLICATE_METHOD_MATCH = YES;
				COPY_PHASE_STRIP = NO;
				DEBUG_INFORMATION_FORMAT = dwarf;
				ENABLE_STRICT_OBJC_MSGSEND = YES;
				ENABLE_TESTABILITY = YES;
				ENABLE_USER_SCRIPT_SANDBOXING = YES;
				GCC_C_LANGUAGE_STANDARD = gnu17;
				GCC_DYNAMIC_NO_PIC = NO;
				GCC_NO_COMMON_BLOCKS = YES;
				GCC_OPTIMIZATION_LEVEL = 0;
				GCC_PREPROCESSOR_DEFINITIONS = (
					"DEBUG=1",
					"$(inherited)",
				);
				GCC_WARN_64_TO_32_BIT_CONVERSION = YES;
				GCC_WARN_ABOUT_RETURN_TYPE = YES_ERROR;
				GCC_WARN_UNDECLARED_SELECTOR = YES;
				GCC_WARN_UNINITIALIZED_AUTOS = YES_AGGRESSIVE;
				GCC_WARN_UNUSED_FUNCTION = YES;
				GCC_WARN_UNUSED_VARIABLE = YES;
				IPHONEOS_DEPLOYMENT_TARGET = 14.0;
				LOCALIZATION_PREFERS_STRING_CATALOGS = YES;
				MTL_ENABLE_DEBUG_INFO = INCLUDE_SOURCE;
				MTL_FAST_MATH = YES;
				ONLY_ACTIVE_ARCH = YES;
				SDKROOT = iphoneos;
				SWIFT_ACTIVE_COMPILATION_CONDITIONS = "DEBUG $(inherited)";
				SWIFT_OPTIMIZATION_LEVEL = "-Onone";
			};
			name = Debug;
		};
		B794E0DD2B768D84009E5697 /* Release */ = {
			isa = XCBuildConfiguration;
			buildSettings = {
				ALWAYS_SEARCH_USER_PATHS = NO;
				ASSETCATALOG_COMPILER_GENERATE_SWIFT_ASSET_SYMBOL_EXTENSIONS = YES;
				CLANG_ANALYZER_NONNULL = YES;
				CLANG_ANALYZER_NUMBER_OBJECT_CONVERSION = YES_AGGRESSIVE;
				CLANG_CXX_LANGUAGE_STANDARD = "gnu++20";
				CLANG_ENABLE_MODULES = YES;
				CLANG_ENABLE_OBJC_ARC = YES;
				CLANG_ENABLE_OBJC_WEAK = YES;
				CLANG_WARN_BLOCK_CAPTURE_AUTORELEASING = YES;
				CLANG_WARN_BOOL_CONVERSION = YES;
				CLANG_WARN_COMMA = YES;
				CLANG_WARN_CONSTANT_CONVERSION = YES;
				CLANG_WARN_DEPRECATED_OBJC_IMPLEMENTATIONS = YES;
				CLANG_WARN_DIRECT_OBJC_ISA_USAGE = YES_ERROR;
				CLANG_WARN_DOCUMENTATION_COMMENTS = YES;
				CLANG_WARN_EMPTY_BODY = YES;
				CLANG_WARN_ENUM_CONVERSION = YES;
				CLANG_WARN_INFINITE_RECURSION = YES;
				CLANG_WARN_INT_CONVERSION = YES;
				CLANG_WARN_NON_LITERAL_NULL_CONVERSION = YES;
				CLANG_WARN_OBJC_IMPLICIT_RETAIN_SELF = YES;
				CLANG_WARN_OBJC_LITERAL_CONVERSION = YES;
				CLANG_WARN_OBJC_ROOT_CLASS = YES_ERROR;
				CLANG_WARN_QUOTED_INCLUDE_IN_FRAMEWORK_HEADER = YES;
				CLANG_WARN_RANGE_LOOP_ANALYSIS = YES;
				CLANG_WARN_STRICT_PROTOTYPES = YES;
				CLANG_WARN_SUSPICIOUS_MOVE = YES;
				CLANG_WARN_UNGUARDED_AVAILABILITY = YES_AGGRESSIVE;
				CLANG_WARN_UNREACHABLE_CODE = YES;
				CLANG_WARN__DUPLICATE_METHOD_MATCH = YES;
				COPY_PHASE_STRIP = NO;
				DEBUG_INFORMATION_FORMAT = "dwarf-with-dsym";
				ENABLE_NS_ASSERTIONS = NO;
				ENABLE_STRICT_OBJC_MSGSEND = YES;
				ENABLE_USER_SCRIPT_SANDBOXING = YES;
				GCC_C_LANGUAGE_STANDARD = gnu17;
				GCC_NO_COMMON_BLOCKS = YES;
				GCC_WARN_64_TO_32_BIT_CONVERSION = YES;
				GCC_WARN_ABOUT_RETURN_TYPE = YES_ERROR;
				GCC_WARN_UNDECLARED_SELECTOR = YES;
				GCC_WARN_UNINITIALIZED_AUTOS = YES_AGGRESSIVE;
				GCC_WARN_UNUSED_FUNCTION = YES;
				GCC_WARN_UNUSED_VARIABLE = YES;
				IPHONEOS_DEPLOYMENT_TARGET = 14.0;
				LOCALIZATION_PREFERS_STRING_CATALOGS = YES;
				MTL_ENABLE_DEBUG_INFO = NO;
				MTL_FAST_MATH = YES;
				SDKROOT = iphoneos;
				SWIFT_COMPILATION_MODE = wholemodule;
				VALIDATE_PRODUCT = YES;
			};
			name = Release;
		};
		B794E0DF2B768D84009E5697 /* Debug */ = {
			isa = XCBuildConfiguration;
			buildSettings = {
				ASSETCATALOG_COMPILER_APPICON_NAME = AppIcon;
				ASSETCATALOG_COMPILER_GLOBAL_ACCENT_COLOR_NAME = AccentColor;
				CODE_SIGN_STYLE = Automatic;
				CURRENT_PROJECT_VERSION = 1;
				ENABLE_USER_SCRIPT_SANDBOXING = NO;
				GENERATE_INFOPLIST_FILE = YES;
				INFOPLIST_FILE = CuteFondMemories/Info.plist;
				INFOPLIST_KEY_UIApplicationSupportsIndirectInputEvents = YES;
				INFOPLIST_KEY_UILaunchStoryboardName = LaunchScreen;
				INFOPLIST_KEY_UIMainStoryboardFile = "";
				INFOPLIST_KEY_UISupportedInterfaceOrientations = UIInterfaceOrientationPortrait;
				INFOPLIST_KEY_UISupportedInterfaceOrientations_iPad = "UIInterfaceOrientationLandscapeLeft UIInterfaceOrientationLandscapeRight UIInterfaceOrientationPortrait UIInterfaceOrientationPortraitUpsideDown";
				IPHONEOS_DEPLOYMENT_TARGET = 16.0;
				LD_RUNPATH_SEARCH_PATHS = (
					"$(inherited)",
					"@executable_path/Frameworks",
				);
				MARKETING_VERSION = 1.0;
				PRODUCT_BUNDLE_IDENTIFIER = com.mCh.CuteFondMemories;
				PRODUCT_NAME = "$(TARGET_NAME)";
				SUPPORTED_PLATFORMS = "iphoneos iphonesimulator";
				SUPPORTS_MACCATALYST = NO;
				SUPPORTS_MAC_DESIGNED_FOR_IPHONE_IPAD = NO;
				SWIFT_EMIT_LOC_STRINGS = YES;
				SWIFT_VERSION = 5.0;
				TARGETED_DEVICE_FAMILY = 1;
			};
			name = Debug;
		};
		B794E0E02B768D84009E5697 /* Release */ = {
			isa = XCBuildConfiguration;
			buildSettings = {
				ASSETCATALOG_COMPILER_APPICON_NAME = AppIcon;
				ASSETCATALOG_COMPILER_GLOBAL_ACCENT_COLOR_NAME = AccentColor;
				CODE_SIGN_STYLE = Automatic;
				CURRENT_PROJECT_VERSION = 1;
				ENABLE_USER_SCRIPT_SANDBOXING = NO;
				GENERATE_INFOPLIST_FILE = YES;
				INFOPLIST_FILE = CuteFondMemories/Info.plist;
				INFOPLIST_KEY_UIApplicationSupportsIndirectInputEvents = YES;
				INFOPLIST_KEY_UILaunchStoryboardName = LaunchScreen;
				INFOPLIST_KEY_UIMainStoryboardFile = "";
				INFOPLIST_KEY_UISupportedInterfaceOrientations = UIInterfaceOrientationPortrait;
				INFOPLIST_KEY_UISupportedInterfaceOrientations_iPad = "UIInterfaceOrientationLandscapeLeft UIInterfaceOrientationLandscapeRight UIInterfaceOrientationPortrait UIInterfaceOrientationPortraitUpsideDown";
				IPHONEOS_DEPLOYMENT_TARGET = 16.0;
				LD_RUNPATH_SEARCH_PATHS = (
					"$(inherited)",
					"@executable_path/Frameworks",
				);
				MARKETING_VERSION = 1.0;
				PRODUCT_BUNDLE_IDENTIFIER = com.mCh.CuteFondMemories;
				PRODUCT_NAME = "$(TARGET_NAME)";
				SUPPORTED_PLATFORMS = "iphoneos iphonesimulator";
				SUPPORTS_MACCATALYST = NO;
				SUPPORTS_MAC_DESIGNED_FOR_IPHONE_IPAD = NO;
				SWIFT_EMIT_LOC_STRINGS = YES;
				SWIFT_VERSION = 5.0;
				TARGETED_DEVICE_FAMILY = 1;
			};
			name = Release;
		};
		B794E0E22B768D84009E5697 /* Debug */ = {
			isa = XCBuildConfiguration;
			buildSettings = {
				ALWAYS_EMBED_SWIFT_STANDARD_LIBRARIES = YES;
				BUNDLE_LOADER = "$(TEST_HOST)";
				CODE_SIGN_STYLE = Automatic;
				CURRENT_PROJECT_VERSION = 1;
				GENERATE_INFOPLIST_FILE = YES;
				IPHONEOS_DEPLOYMENT_TARGET = 17.0;
				MARKETING_VERSION = 1.0;
				PRODUCT_BUNDLE_IDENTIFIER = com.mCh.CuteFondMemoriesTests;
				PRODUCT_NAME = "$(TARGET_NAME)";
				SWIFT_EMIT_LOC_STRINGS = NO;
				SWIFT_VERSION = 5.0;
				TARGETED_DEVICE_FAMILY = "1,2";
				TEST_HOST = "$(BUILT_PRODUCTS_DIR)/CuteFondMemories.app/$(BUNDLE_EXECUTABLE_FOLDER_PATH)/CuteFondMemories";
			};
			name = Debug;
		};
		B794E0E32B768D84009E5697 /* Release */ = {
			isa = XCBuildConfiguration;
			buildSettings = {
				ALWAYS_EMBED_SWIFT_STANDARD_LIBRARIES = YES;
				BUNDLE_LOADER = "$(TEST_HOST)";
				CODE_SIGN_STYLE = Automatic;
				CURRENT_PROJECT_VERSION = 1;
				GENERATE_INFOPLIST_FILE = YES;
				IPHONEOS_DEPLOYMENT_TARGET = 17.0;
				MARKETING_VERSION = 1.0;
				PRODUCT_BUNDLE_IDENTIFIER = com.mCh.CuteFondMemoriesTests;
				PRODUCT_NAME = "$(TARGET_NAME)";
				SWIFT_EMIT_LOC_STRINGS = NO;
				SWIFT_VERSION = 5.0;
				TARGETED_DEVICE_FAMILY = "1,2";
				TEST_HOST = "$(BUILT_PRODUCTS_DIR)/CuteFondMemories.app/$(BUNDLE_EXECUTABLE_FOLDER_PATH)/CuteFondMemories";
			};
			name = Release;
		};
		B794E0E52B768D84009E5697 /* Debug */ = {
			isa = XCBuildConfiguration;
			buildSettings = {
				ALWAYS_EMBED_SWIFT_STANDARD_LIBRARIES = YES;
				CODE_SIGN_STYLE = Automatic;
				CURRENT_PROJECT_VERSION = 1;
				GENERATE_INFOPLIST_FILE = YES;
				MARKETING_VERSION = 1.0;
				PRODUCT_BUNDLE_IDENTIFIER = com.mCh.CuteFondMemoriesUITests;
				PRODUCT_NAME = "$(TARGET_NAME)";
				SWIFT_EMIT_LOC_STRINGS = NO;
				SWIFT_VERSION = 5.0;
				TARGETED_DEVICE_FAMILY = "1,2";
				TEST_TARGET_NAME = CuteFondMemories;
			};
			name = Debug;
		};
		B794E0E62B768D84009E5697 /* Release */ = {
			isa = XCBuildConfiguration;
			buildSettings = {
				ALWAYS_EMBED_SWIFT_STANDARD_LIBRARIES = YES;
				CODE_SIGN_STYLE = Automatic;
				CURRENT_PROJECT_VERSION = 1;
				GENERATE_INFOPLIST_FILE = YES;
				MARKETING_VERSION = 1.0;
				PRODUCT_BUNDLE_IDENTIFIER = com.mCh.CuteFondMemoriesUITests;
				PRODUCT_NAME = "$(TARGET_NAME)";
				SWIFT_EMIT_LOC_STRINGS = NO;
				SWIFT_VERSION = 5.0;
				TARGETED_DEVICE_FAMILY = "1,2";
				TEST_TARGET_NAME = CuteFondMemories;
			};
			name = Release;
		};
/* End XCBuildConfiguration section */

/* Begin XCConfigurationList section */
		B794E0AC2B768D83009E5697 /* Build configuration list for PBXProject "CuteFondMemories" */ = {
			isa = XCConfigurationList;
			buildConfigurations = (
				B794E0DC2B768D84009E5697 /* Debug */,
				B794E0DD2B768D84009E5697 /* Release */,
			);
			defaultConfigurationIsVisible = 0;
			defaultConfigurationName = Release;
		};
		B794E0DE2B768D84009E5697 /* Build configuration list for PBXNativeTarget "CuteFondMemories" */ = {
			isa = XCConfigurationList;
			buildConfigurations = (
				B794E0DF2B768D84009E5697 /* Debug */,
				B794E0E02B768D84009E5697 /* Release */,
			);
			defaultConfigurationIsVisible = 0;
			defaultConfigurationName = Release;
		};
		B794E0E12B768D84009E5697 /* Build configuration list for PBXNativeTarget "CuteFondMemoriesTests" */ = {
			isa = XCConfigurationList;
			buildConfigurations = (
				B794E0E22B768D84009E5697 /* Debug */,
				B794E0E32B768D84009E5697 /* Release */,
			);
			defaultConfigurationIsVisible = 0;
			defaultConfigurationName = Release;
		};
		B794E0E42B768D84009E5697 /* Build configuration list for PBXNativeTarget "CuteFondMemoriesUITests" */ = {
			isa = XCConfigurationList;
			buildConfigurations = (
				B794E0E52B768D84009E5697 /* Debug */,
				B794E0E62B768D84009E5697 /* Release */,
			);
			defaultConfigurationIsVisible = 0;
			defaultConfigurationName = Release;
		};
/* End XCConfigurationList section */

/* Begin XCVersionGroup section */
		B794E0BD2B768D83009E5697 /* CuteFondMemories.xcdatamodeld */ = {
			isa = XCVersionGroup;
			children = (
				B794E0BE2B768D83009E5697 /* CuteFondMemories.xcdatamodel */,
			);
			currentVersion = B794E0BE2B768D83009E5697 /* CuteFondMemories.xcdatamodel */;
			path = CuteFondMemories.xcdatamodeld;
			sourceTree = "<group>";
			versionGroupType = wrapper.xcdatamodel;
		};
/* End XCVersionGroup section */
	};
	rootObject = B794E0A92B768D83009E5697 /* Project object */;
}
